// !$*UTF8*$!
{
	archiveVersion = 1;
	classes = {
	};
	objectVersion = 56;
	objects = {

/* Begin PBXBuildFile section */
		050AEE92288C64190052A2D1 /* WidgetKit.framework in Frameworks */ = {isa = PBXBuildFile; fileRef = 050AEE91288C64190052A2D1 /* WidgetKit.framework */; };
		050AEE94288C64190052A2D1 /* SwiftUI.framework in Frameworks */ = {isa = PBXBuildFile; fileRef = 050AEE93288C64190052A2D1 /* SwiftUI.framework */; };
		050AEE97288C64190052A2D1 /* AddEntryWidget.swift in Sources */ = {isa = PBXBuildFile; fileRef = 050AEE96288C64190052A2D1 /* AddEntryWidget.swift */; };
		050AEE9A288C641A0052A2D1 /* Assets.xcassets in Resources */ = {isa = PBXBuildFile; fileRef = 050AEE99288C641A0052A2D1 /* Assets.xcassets */; };
		050AEE9C288C641A0052A2D1 /* AddEntryWidget.intentdefinition in Sources */ = {isa = PBXBuildFile; fileRef = 050AEE98288C64190052A2D1 /* AddEntryWidget.intentdefinition */; };
		050AEE9D288C641A0052A2D1 /* AddEntryWidget.intentdefinition in Sources */ = {isa = PBXBuildFile; fileRef = 050AEE98288C64190052A2D1 /* AddEntryWidget.intentdefinition */; };
		050AEEA0288C641A0052A2D1 /* AddEntryWidgetExtension.appex in Embed Foundation Extensions */ = {isa = PBXBuildFile; fileRef = 050AEE8F288C64190052A2D1 /* AddEntryWidgetExtension.appex */; settings = {ATTRIBUTES = (RemoveHeadersOnCopy, ); }; };
		050AEEA7288C6B170052A2D1 /* WidgetManager.swift in Sources */ = {isa = PBXBuildFile; fileRef = 050AEEA6288C6B170052A2D1 /* WidgetManager.swift */; };
		050AEEBA288DB3870052A2D1 /* Secrets.swift in Sources */ = {isa = PBXBuildFile; fileRef = 050AEEB9288DB3870052A2D1 /* Secrets.swift */; };
		054B1F6128CA31E00021C5BF /* CoreDataExtensions.swift in Sources */ = {isa = PBXBuildFile; fileRef = 054B1F6028CA31E00021C5BF /* CoreDataExtensions.swift */; };
		054B1F6228CA31E00021C5BF /* CoreDataExtensions.swift in Sources */ = {isa = PBXBuildFile; fileRef = 054B1F6028CA31E00021C5BF /* CoreDataExtensions.swift */; };
		054B1F6328CA33610021C5BF /* DataItem.swift in Sources */ = {isa = PBXBuildFile; fileRef = 059C68E72886B66B00C90710 /* DataItem.swift */; };
		054B1F6428CA33620021C5BF /* DataItem.swift in Sources */ = {isa = PBXBuildFile; fileRef = 059C68E72886B66B00C90710 /* DataItem.swift */; };
		054B1F6528CA33620021C5BF /* DataItem.swift in Sources */ = {isa = PBXBuildFile; fileRef = 059C68E72886B66B00C90710 /* DataItem.swift */; };
		05580E7728CB2B7300E4ECDE /* Algorithms in Frameworks */ = {isa = PBXBuildFile; productRef = 05580E7628CB2B7300E4ECDE /* Algorithms */; };
		0560837F2884147800728F1F /* BabyWizeApp.swift in Sources */ = {isa = PBXBuildFile; fileRef = 0560837E2884147800728F1F /* BabyWizeApp.swift */; };
		056083812884147800728F1F /* HomeView.swift in Sources */ = {isa = PBXBuildFile; fileRef = 056083802884147800728F1F /* HomeView.swift */; };
		056083832884147900728F1F /* Assets.xcassets in Resources */ = {isa = PBXBuildFile; fileRef = 056083822884147900728F1F /* Assets.xcassets */; };
		056083862884147900728F1F /* Preview Assets.xcassets in Resources */ = {isa = PBXBuildFile; fileRef = 056083852884147900728F1F /* Preview Assets.xcassets */; };
		056083902884147900728F1F /* BabyWizeTests.swift in Sources */ = {isa = PBXBuildFile; fileRef = 0560838F2884147900728F1F /* BabyWizeTests.swift */; };
		0560839A2884147900728F1F /* BabyWizeUITests.swift in Sources */ = {isa = PBXBuildFile; fileRef = 056083992884147900728F1F /* BabyWizeUITests.swift */; };
		0560839C2884147900728F1F /* BabyWizeUITestsLaunchTests.swift in Sources */ = {isa = PBXBuildFile; fileRef = 0560839B2884147900728F1F /* BabyWizeUITestsLaunchTests.swift */; };
		056083A9288417F700728F1F /* Date+extension.swift in Sources */ = {isa = PBXBuildFile; fileRef = 056083A8288417F700728F1F /* Date+extension.swift */; };
		05817C5B28C7806F0040A4B0 /* UserEntriesModel.xcdatamodeld in Sources */ = {isa = PBXBuildFile; fileRef = 05817C5928C7806F0040A4B0 /* UserEntriesModel.xcdatamodeld */; };
		05817C5C28C7806F0040A4B0 /* UserEntriesModel.xcdatamodeld in Sources */ = {isa = PBXBuildFile; fileRef = 05817C5928C7806F0040A4B0 /* UserEntriesModel.xcdatamodeld */; };
		05817C5F28C788580040A4B0 /* DataController.swift in Sources */ = {isa = PBXBuildFile; fileRef = 05817C5E28C788580040A4B0 /* DataController.swift */; };
		05817C6028C788580040A4B0 /* DataController.swift in Sources */ = {isa = PBXBuildFile; fileRef = 05817C5E28C788580040A4B0 /* DataController.swift */; };
		059C68E52886AF0500C90710 /* Info View.swift in Sources */ = {isa = PBXBuildFile; fileRef = 059C68E42886AF0500C90710 /* Info View.swift */; };
		059C68E82886B66B00C90710 /* DataItem.swift in Sources */ = {isa = PBXBuildFile; fileRef = 059C68E72886B66B00C90710 /* DataItem.swift */; };
		059C68EC2886BD6E00C90710 /* InputDetailView.swift in Sources */ = {isa = PBXBuildFile; fileRef = 059C68EB2886BD6E00C90710 /* InputDetailView.swift */; };
		059C68F02886D8CD00C90710 /* EditEntryView.swift in Sources */ = {isa = PBXBuildFile; fileRef = 059C68EF2886D8CD00C90710 /* EditEntryView.swift */; };
		059C68F22887015A00C90710 /* InfoScreenViewModel.swift in Sources */ = {isa = PBXBuildFile; fileRef = 059C68F12887015A00C90710 /* InfoScreenViewModel.swift */; };
		05B8AF6728862C7C00BBC41B /* Constants.swift in Sources */ = {isa = PBXBuildFile; fileRef = 05B8AF6628862C7C00BBC41B /* Constants.swift */; };
		05B8AF69288633A100BBC41B /* Array+Extension.swift in Sources */ = {isa = PBXBuildFile; fileRef = 05B8AF68288633A100BBC41B /* Array+Extension.swift */; };
		05B8AF6E2886989C00BBC41B /* SettingsView.swift in Sources */ = {isa = PBXBuildFile; fileRef = 05B8AF6D2886989C00BBC41B /* SettingsView.swift */; };
		05DD68AF2885B68B0066BFEC /* HomeScreenSections.swift in Sources */ = {isa = PBXBuildFile; fileRef = 05DD68AE2885B68B0066BFEC /* HomeScreenSections.swift */; };
		05DD68B92885B7600066BFEC /* DummyData.swift in Sources */ = {isa = PBXBuildFile; fileRef = 05DD68B82885B7600066BFEC /* DummyData.swift */; };
		05DD68BF2885B7E40066BFEC /* Swinject in Frameworks */ = {isa = PBXBuildFile; productRef = 05DD68BE2885B7E40066BFEC /* Swinject */; };
		05DD68C22885B8460066BFEC /* SwinjectManager.swift in Sources */ = {isa = PBXBuildFile; fileRef = 05DD68C12885B8460066BFEC /* SwinjectManager.swift */; };
		05DD68C42885FB2C0066BFEC /* BabyDataManager.swift in Sources */ = {isa = PBXBuildFile; fileRef = 05DD68C32885FB2C0066BFEC /* BabyDataManager.swift */; };
		05DD68C62885FC0F0066BFEC /* Swinject+extension.swift in Sources */ = {isa = PBXBuildFile; fileRef = 05DD68C52885FC0F0066BFEC /* Swinject+extension.swift */; };
		05DD68CA2885FC720066BFEC /* DependencyInjectionProtocols.swift in Sources */ = {isa = PBXBuildFile; fileRef = 05DD68C92885FC720066BFEC /* DependencyInjectionProtocols.swift */; };
		05DD68CE288603820066BFEC /* Double+extension.swift in Sources */ = {isa = PBXBuildFile; fileRef = 05DD68CD288603820066BFEC /* Double+extension.swift */; };
		05DD68D32886140C0066BFEC /* AddEntryView.swift in Sources */ = {isa = PBXBuildFile; fileRef = 05DD68D22886140C0066BFEC /* AddEntryView.swift */; };
		05DD68D52886144E0066BFEC /* EntryType.swift in Sources */ = {isa = PBXBuildFile; fileRef = 05DD68D42886144E0066BFEC /* EntryType.swift */; };
		05DD68D7288619B50066BFEC /* EntryViewModel.swift in Sources */ = {isa = PBXBuildFile; fileRef = 05DD68D6288619B50066BFEC /* EntryViewModel.swift */; };
		05DD68D9288619DB0066BFEC /* FeedUnits.swift in Sources */ = {isa = PBXBuildFile; fileRef = 05DD68D8288619DB0066BFEC /* FeedUnits.swift */; };
		05DD68DC28861C930066BFEC /* FeedEntryView.swift in Sources */ = {isa = PBXBuildFile; fileRef = 05DD68DB28861C930066BFEC /* FeedEntryView.swift */; };
		05DD68DE28861CD70066BFEC /* SleepEntryView.swift in Sources */ = {isa = PBXBuildFile; fileRef = 05DD68DD28861CD70066BFEC /* SleepEntryView.swift */; };
		05DD68E028861DAC0066BFEC /* NappyEntryView.swift in Sources */ = {isa = PBXBuildFile; fileRef = 05DD68DF28861DAC0066BFEC /* NappyEntryView.swift */; };
		3B64002528D65B0700241D65 /* GrayTextField.swift in Sources */ = {isa = PBXBuildFile; fileRef = 3B64002428D65B0700241D65 /* GrayTextField.swift */; };
		3B64002728D6620800241D65 /* SigninViewModel.swift in Sources */ = {isa = PBXBuildFile; fileRef = 3B64002628D6620800241D65 /* SigninViewModel.swift */; };
		3B64002928D665AA00241D65 /* SignInTests.swift in Sources */ = {isa = PBXBuildFile; fileRef = 3B64002828D665AA00241D65 /* SignInTests.swift */; };
		3B64002A28D665C600241D65 /* SigninViewModel.swift in Sources */ = {isa = PBXBuildFile; fileRef = 3B64002628D6620800241D65 /* SigninViewModel.swift */; };
		3BE30FE628D5D25A00E75D22 /* Assets.xcassets in Resources */ = {isa = PBXBuildFile; fileRef = 056083822884147900728F1F /* Assets.xcassets */; };
		3BE30FEA28D5D40900E75D22 /* GoogleService-Info.plist in Resources */ = {isa = PBXBuildFile; fileRef = 3BE30FE928D5D40800E75D22 /* GoogleService-Info.plist */; };
		3BE30FEB28D5D40900E75D22 /* GoogleService-Info.plist in Resources */ = {isa = PBXBuildFile; fileRef = 3BE30FE928D5D40800E75D22 /* GoogleService-Info.plist */; };
		3BE30FEE28D5D59000E75D22 /* FirebaseAuth in Frameworks */ = {isa = PBXBuildFile; productRef = 3BE30FED28D5D59000E75D22 /* FirebaseAuth */; };
		3BE30FF028D5D59000E75D22 /* FirebaseDatabase in Frameworks */ = {isa = PBXBuildFile; productRef = 3BE30FEF28D5D59000E75D22 /* FirebaseDatabase */; };
		3BE30FF228D5D59000E75D22 /* FirebaseDatabaseSwift in Frameworks */ = {isa = PBXBuildFile; productRef = 3BE30FF128D5D59000E75D22 /* FirebaseDatabaseSwift */; };
		3BE30FF428D5D59000E75D22 /* FirebaseFirestore in Frameworks */ = {isa = PBXBuildFile; productRef = 3BE30FF328D5D59000E75D22 /* FirebaseFirestore */; };
		3BE30FF628D5D59000E75D22 /* FirebaseFirestoreSwift in Frameworks */ = {isa = PBXBuildFile; productRef = 3BE30FF528D5D59000E75D22 /* FirebaseFirestoreSwift */; };
		3BE30FF828D5D59000E75D22 /* FirebaseStorage in Frameworks */ = {isa = PBXBuildFile; productRef = 3BE30FF728D5D59000E75D22 /* FirebaseStorage */; };
		3BE30FFC28D5DCF100E75D22 /* LoginView.swift in Sources */ = {isa = PBXBuildFile; fileRef = 3BE30FFB28D5DCF100E75D22 /* LoginView.swift */; };
/* End PBXBuildFile section */

/* Begin PBXContainerItemProxy section */
		050AEE9E288C641A0052A2D1 /* PBXContainerItemProxy */ = {
			isa = PBXContainerItemProxy;
			containerPortal = 056083732884147800728F1F /* Project object */;
			proxyType = 1;
			remoteGlobalIDString = 050AEE8E288C64190052A2D1;
			remoteInfo = AddEntryWidgetExtension;
		};
		0560838C2884147900728F1F /* PBXContainerItemProxy */ = {
			isa = PBXContainerItemProxy;
			containerPortal = 056083732884147800728F1F /* Project object */;
			proxyType = 1;
			remoteGlobalIDString = 0560837A2884147800728F1F;
			remoteInfo = BabyTracker;
		};
		056083962884147900728F1F /* PBXContainerItemProxy */ = {
			isa = PBXContainerItemProxy;
			containerPortal = 056083732884147800728F1F /* Project object */;
			proxyType = 1;
			remoteGlobalIDString = 0560837A2884147800728F1F;
			remoteInfo = BabyTracker;
		};
/* End PBXContainerItemProxy section */

/* Begin PBXCopyFilesBuildPhase section */
		050AEEA1288C641A0052A2D1 /* Embed Foundation Extensions */ = {
			isa = PBXCopyFilesBuildPhase;
			buildActionMask = 2147483647;
			dstPath = "";
			dstSubfolderSpec = 13;
			files = (
				050AEEA0288C641A0052A2D1 /* AddEntryWidgetExtension.appex in Embed Foundation Extensions */,
			);
			name = "Embed Foundation Extensions";
			runOnlyForDeploymentPostprocessing = 0;
		};
/* End PBXCopyFilesBuildPhase section */

/* Begin PBXFileReference section */
		050AEE8F288C64190052A2D1 /* AddEntryWidgetExtension.appex */ = {isa = PBXFileReference; explicitFileType = "wrapper.app-extension"; includeInIndex = 0; path = AddEntryWidgetExtension.appex; sourceTree = BUILT_PRODUCTS_DIR; };
		050AEE91288C64190052A2D1 /* WidgetKit.framework */ = {isa = PBXFileReference; lastKnownFileType = wrapper.framework; name = WidgetKit.framework; path = System/Library/Frameworks/WidgetKit.framework; sourceTree = SDKROOT; };
		050AEE93288C64190052A2D1 /* SwiftUI.framework */ = {isa = PBXFileReference; lastKnownFileType = wrapper.framework; name = SwiftUI.framework; path = System/Library/Frameworks/SwiftUI.framework; sourceTree = SDKROOT; };
		050AEE96288C64190052A2D1 /* AddEntryWidget.swift */ = {isa = PBXFileReference; lastKnownFileType = sourcecode.swift; path = AddEntryWidget.swift; sourceTree = "<group>"; };
		050AEE98288C64190052A2D1 /* AddEntryWidget.intentdefinition */ = {isa = PBXFileReference; lastKnownFileType = file.intentdefinition; path = AddEntryWidget.intentdefinition; sourceTree = "<group>"; };
		050AEE99288C641A0052A2D1 /* Assets.xcassets */ = {isa = PBXFileReference; lastKnownFileType = folder.assetcatalog; path = Assets.xcassets; sourceTree = "<group>"; };
		050AEE9B288C641A0052A2D1 /* Info.plist */ = {isa = PBXFileReference; lastKnownFileType = text.plist.xml; path = Info.plist; sourceTree = "<group>"; };
		050AEEA5288C6A860052A2D1 /* Info.plist */ = {isa = PBXFileReference; lastKnownFileType = text.plist; path = Info.plist; sourceTree = "<group>"; };
		050AEEA6288C6B170052A2D1 /* WidgetManager.swift */ = {isa = PBXFileReference; lastKnownFileType = sourcecode.swift; path = WidgetManager.swift; sourceTree = "<group>"; };
		050AEEA9288C6BB10052A2D1 /* AddEntryWidgetExtension.entitlements */ = {isa = PBXFileReference; lastKnownFileType = text.plist.entitlements; path = AddEntryWidgetExtension.entitlements; sourceTree = "<group>"; };
		050AEEB9288DB3870052A2D1 /* Secrets.swift */ = {isa = PBXFileReference; lastKnownFileType = sourcecode.swift; path = Secrets.swift; sourceTree = "<group>"; };
		054B1F6028CA31E00021C5BF /* CoreDataExtensions.swift */ = {isa = PBXFileReference; lastKnownFileType = sourcecode.swift; path = CoreDataExtensions.swift; sourceTree = "<group>"; };
		0560837B2884147800728F1F /* BabyWize.app */ = {isa = PBXFileReference; explicitFileType = wrapper.application; includeInIndex = 0; path = BabyWize.app; sourceTree = BUILT_PRODUCTS_DIR; };
		0560837E2884147800728F1F /* BabyWizeApp.swift */ = {isa = PBXFileReference; lastKnownFileType = sourcecode.swift; path = BabyWizeApp.swift; sourceTree = "<group>"; };
		056083802884147800728F1F /* HomeView.swift */ = {isa = PBXFileReference; lastKnownFileType = sourcecode.swift; path = HomeView.swift; sourceTree = "<group>"; };
		056083822884147900728F1F /* Assets.xcassets */ = {isa = PBXFileReference; lastKnownFileType = folder.assetcatalog; path = Assets.xcassets; sourceTree = "<group>"; };
		056083852884147900728F1F /* Preview Assets.xcassets */ = {isa = PBXFileReference; lastKnownFileType = folder.assetcatalog; path = "Preview Assets.xcassets"; sourceTree = "<group>"; };
		0560838B2884147900728F1F /* BabyWizeTests.xctest */ = {isa = PBXFileReference; explicitFileType = wrapper.cfbundle; includeInIndex = 0; path = BabyWizeTests.xctest; sourceTree = BUILT_PRODUCTS_DIR; };
		0560838F2884147900728F1F /* BabyWizeTests.swift */ = {isa = PBXFileReference; lastKnownFileType = sourcecode.swift; path = BabyWizeTests.swift; sourceTree = "<group>"; };
		056083952884147900728F1F /* BabyWizeUITests.xctest */ = {isa = PBXFileReference; explicitFileType = wrapper.cfbundle; includeInIndex = 0; path = BabyWizeUITests.xctest; sourceTree = BUILT_PRODUCTS_DIR; };
		056083992884147900728F1F /* BabyWizeUITests.swift */ = {isa = PBXFileReference; lastKnownFileType = sourcecode.swift; path = BabyWizeUITests.swift; sourceTree = "<group>"; };
		0560839B2884147900728F1F /* BabyWizeUITestsLaunchTests.swift */ = {isa = PBXFileReference; lastKnownFileType = sourcecode.swift; path = BabyWizeUITestsLaunchTests.swift; sourceTree = "<group>"; };
		056083A8288417F700728F1F /* Date+extension.swift */ = {isa = PBXFileReference; lastKnownFileType = sourcecode.swift; path = "Date+extension.swift"; sourceTree = "<group>"; };
		05817C5A28C7806F0040A4B0 /* UserEntriesModel.xcdatamodel */ = {isa = PBXFileReference; lastKnownFileType = wrapper.xcdatamodel; path = UserEntriesModel.xcdatamodel; sourceTree = "<group>"; };
		05817C5E28C788580040A4B0 /* DataController.swift */ = {isa = PBXFileReference; lastKnownFileType = sourcecode.swift; path = DataController.swift; sourceTree = "<group>"; };
		059C68E42886AF0500C90710 /* Info View.swift */ = {isa = PBXFileReference; lastKnownFileType = sourcecode.swift; path = "Info View.swift"; sourceTree = "<group>"; };
		059C68E72886B66B00C90710 /* DataItem.swift */ = {isa = PBXFileReference; lastKnownFileType = sourcecode.swift; path = DataItem.swift; sourceTree = "<group>"; };
		059C68EB2886BD6E00C90710 /* InputDetailView.swift */ = {isa = PBXFileReference; lastKnownFileType = sourcecode.swift; path = InputDetailView.swift; sourceTree = "<group>"; };
		059C68EF2886D8CD00C90710 /* EditEntryView.swift */ = {isa = PBXFileReference; lastKnownFileType = sourcecode.swift; path = EditEntryView.swift; sourceTree = "<group>"; };
		059C68F12887015A00C90710 /* InfoScreenViewModel.swift */ = {isa = PBXFileReference; lastKnownFileType = sourcecode.swift; path = InfoScreenViewModel.swift; sourceTree = "<group>"; };
		05B8AF6628862C7C00BBC41B /* Constants.swift */ = {isa = PBXFileReference; lastKnownFileType = sourcecode.swift; path = Constants.swift; sourceTree = "<group>"; };
		05B8AF68288633A100BBC41B /* Array+Extension.swift */ = {isa = PBXFileReference; lastKnownFileType = sourcecode.swift; path = "Array+Extension.swift"; sourceTree = "<group>"; };
		05B8AF6D2886989C00BBC41B /* SettingsView.swift */ = {isa = PBXFileReference; lastKnownFileType = sourcecode.swift; path = SettingsView.swift; sourceTree = "<group>"; };
		05DD68AE2885B68B0066BFEC /* HomeScreenSections.swift */ = {isa = PBXFileReference; lastKnownFileType = sourcecode.swift; path = HomeScreenSections.swift; sourceTree = "<group>"; };
		05DD68B82885B7600066BFEC /* DummyData.swift */ = {isa = PBXFileReference; lastKnownFileType = sourcecode.swift; path = DummyData.swift; sourceTree = "<group>"; };
		05DD68C12885B8460066BFEC /* SwinjectManager.swift */ = {isa = PBXFileReference; lastKnownFileType = sourcecode.swift; path = SwinjectManager.swift; sourceTree = "<group>"; };
		05DD68C32885FB2C0066BFEC /* BabyDataManager.swift */ = {isa = PBXFileReference; lastKnownFileType = sourcecode.swift; path = BabyDataManager.swift; sourceTree = "<group>"; };
		05DD68C52885FC0F0066BFEC /* Swinject+extension.swift */ = {isa = PBXFileReference; lastKnownFileType = sourcecode.swift; path = "Swinject+extension.swift"; sourceTree = "<group>"; };
		05DD68C92885FC720066BFEC /* DependencyInjectionProtocols.swift */ = {isa = PBXFileReference; lastKnownFileType = sourcecode.swift; path = DependencyInjectionProtocols.swift; sourceTree = "<group>"; };
		05DD68CD288603820066BFEC /* Double+extension.swift */ = {isa = PBXFileReference; lastKnownFileType = sourcecode.swift; path = "Double+extension.swift"; sourceTree = "<group>"; };
		05DD68D22886140C0066BFEC /* AddEntryView.swift */ = {isa = PBXFileReference; lastKnownFileType = sourcecode.swift; path = AddEntryView.swift; sourceTree = "<group>"; };
		05DD68D42886144E0066BFEC /* EntryType.swift */ = {isa = PBXFileReference; lastKnownFileType = sourcecode.swift; path = EntryType.swift; sourceTree = "<group>"; };
		05DD68D6288619B50066BFEC /* EntryViewModel.swift */ = {isa = PBXFileReference; lastKnownFileType = sourcecode.swift; path = EntryViewModel.swift; sourceTree = "<group>"; };
		05DD68D8288619DB0066BFEC /* FeedUnits.swift */ = {isa = PBXFileReference; lastKnownFileType = sourcecode.swift; path = FeedUnits.swift; sourceTree = "<group>"; };
		05DD68DB28861C930066BFEC /* FeedEntryView.swift */ = {isa = PBXFileReference; lastKnownFileType = sourcecode.swift; path = FeedEntryView.swift; sourceTree = "<group>"; };
		05DD68DD28861CD70066BFEC /* SleepEntryView.swift */ = {isa = PBXFileReference; lastKnownFileType = sourcecode.swift; path = SleepEntryView.swift; sourceTree = "<group>"; };
		05DD68DF28861DAC0066BFEC /* NappyEntryView.swift */ = {isa = PBXFileReference; lastKnownFileType = sourcecode.swift; path = NappyEntryView.swift; sourceTree = "<group>"; };
		3B64002428D65B0700241D65 /* GrayTextField.swift */ = {isa = PBXFileReference; lastKnownFileType = sourcecode.swift; path = GrayTextField.swift; sourceTree = "<group>"; };
		3B64002628D6620800241D65 /* SigninViewModel.swift */ = {isa = PBXFileReference; lastKnownFileType = sourcecode.swift; path = SigninViewModel.swift; sourceTree = "<group>"; };
		3B64002828D665AA00241D65 /* SignInTests.swift */ = {isa = PBXFileReference; lastKnownFileType = sourcecode.swift; path = SignInTests.swift; sourceTree = "<group>"; };
		3BE30FE828D5D2B900E75D22 /* BabyWize.entitlements */ = {isa = PBXFileReference; lastKnownFileType = text.plist.entitlements; path = BabyWize.entitlements; sourceTree = "<group>"; };
		3BE30FE928D5D40800E75D22 /* GoogleService-Info.plist */ = {isa = PBXFileReference; fileEncoding = 4; lastKnownFileType = text.plist.xml; path = "GoogleService-Info.plist"; sourceTree = "<group>"; };
		3BE30FFB28D5DCF100E75D22 /* LoginView.swift */ = {isa = PBXFileReference; lastKnownFileType = sourcecode.swift; path = LoginView.swift; sourceTree = "<group>"; };
/* End PBXFileReference section */

/* Begin PBXFrameworksBuildPhase section */
		050AEE8C288C64190052A2D1 /* Frameworks */ = {
			isa = PBXFrameworksBuildPhase;
			buildActionMask = 2147483647;
			files = (
				050AEE94288C64190052A2D1 /* SwiftUI.framework in Frameworks */,
				050AEE92288C64190052A2D1 /* WidgetKit.framework in Frameworks */,
			);
			runOnlyForDeploymentPostprocessing = 0;
		};
		056083782884147800728F1F /* Frameworks */ = {
			isa = PBXFrameworksBuildPhase;
			buildActionMask = 2147483647;
			files = (
				3BE30FF228D5D59000E75D22 /* FirebaseDatabaseSwift in Frameworks */,
				05580E7728CB2B7300E4ECDE /* Algorithms in Frameworks */,
				3BE30FEE28D5D59000E75D22 /* FirebaseAuth in Frameworks */,
				3BE30FF628D5D59000E75D22 /* FirebaseFirestoreSwift in Frameworks */,
				3BE30FF028D5D59000E75D22 /* FirebaseDatabase in Frameworks */,
				3BE30FF828D5D59000E75D22 /* FirebaseStorage in Frameworks */,
				05DD68BF2885B7E40066BFEC /* Swinject in Frameworks */,
				3BE30FF428D5D59000E75D22 /* FirebaseFirestore in Frameworks */,
			);
			runOnlyForDeploymentPostprocessing = 0;
		};
		056083882884147900728F1F /* Frameworks */ = {
			isa = PBXFrameworksBuildPhase;
			buildActionMask = 2147483647;
			files = (
			);
			runOnlyForDeploymentPostprocessing = 0;
		};
		056083922884147900728F1F /* Frameworks */ = {
			isa = PBXFrameworksBuildPhase;
			buildActionMask = 2147483647;
			files = (
			);
			runOnlyForDeploymentPostprocessing = 0;
		};
/* End PBXFrameworksBuildPhase section */

/* Begin PBXGroup section */
		050AEE90288C64190052A2D1 /* Frameworks */ = {
			isa = PBXGroup;
			children = (
				050AEE91288C64190052A2D1 /* WidgetKit.framework */,
				050AEE93288C64190052A2D1 /* SwiftUI.framework */,
			);
			name = Frameworks;
			sourceTree = "<group>";
		};
		050AEE95288C64190052A2D1 /* AddEntryWidget */ = {
			isa = PBXGroup;
			children = (
				050AEE96288C64190052A2D1 /* AddEntryWidget.swift */,
				050AEE98288C64190052A2D1 /* AddEntryWidget.intentdefinition */,
				050AEE99288C641A0052A2D1 /* Assets.xcassets */,
				050AEE9B288C641A0052A2D1 /* Info.plist */,
				3BE30FE928D5D40800E75D22 /* GoogleService-Info.plist */,
			);
			path = AddEntryWidget;
			sourceTree = "<group>";
		};
		056083722884147800728F1F = {
			isa = PBXGroup;
			children = (
				050AEEA9288C6BB10052A2D1 /* AddEntryWidgetExtension.entitlements */,
				0560837D2884147800728F1F /* BabyWize */,
				0560838E2884147900728F1F /* BabyWizeTests */,
				056083982884147900728F1F /* BabyWizeUITests */,
				050AEE95288C64190052A2D1 /* AddEntryWidget */,
				050AEE90288C64190052A2D1 /* Frameworks */,
				0560837C2884147800728F1F /* Products */,
			);
			sourceTree = "<group>";
		};
		0560837C2884147800728F1F /* Products */ = {
			isa = PBXGroup;
			children = (
				0560837B2884147800728F1F /* BabyWize.app */,
				0560838B2884147900728F1F /* BabyWizeTests.xctest */,
				056083952884147900728F1F /* BabyWizeUITests.xctest */,
				050AEE8F288C64190052A2D1 /* AddEntryWidgetExtension.appex */,
			);
			name = Products;
			sourceTree = "<group>";
		};
		0560837D2884147800728F1F /* BabyWize */ = {
			isa = PBXGroup;
			children = (
				3BE30FE828D5D2B900E75D22 /* BabyWize.entitlements */,
				050AEEA5288C6A860052A2D1 /* Info.plist */,
				05DD68C72885FC4C0066BFEC /* Feature */,
				05DD68C02885B8110066BFEC /* Managers */,
				05DD68BA2885B7810066BFEC /* View Models */,
				05DD68B02885B6FD0066BFEC /* Models */,
				05DD68AB2885B65B0066BFEC /* Screens */,
				0560837E2884147800728F1F /* BabyWizeApp.swift */,
				056083822884147900728F1F /* Assets.xcassets */,
				056083842884147900728F1F /* Preview Content */,
			);
			path = BabyWize;
			sourceTree = "<group>";
		};
		056083842884147900728F1F /* Preview Content */ = {
			isa = PBXGroup;
			children = (
				056083852884147900728F1F /* Preview Assets.xcassets */,
			);
			path = "Preview Content";
			sourceTree = "<group>";
		};
		0560838E2884147900728F1F /* BabyWizeTests */ = {
			isa = PBXGroup;
			children = (
				0560838F2884147900728F1F /* BabyWizeTests.swift */,
				3B64002828D665AA00241D65 /* SignInTests.swift */,
			);
			path = BabyWizeTests;
			sourceTree = "<group>";
		};
		056083982884147900728F1F /* BabyWizeUITests */ = {
			isa = PBXGroup;
			children = (
				056083992884147900728F1F /* BabyWizeUITests.swift */,
				0560839B2884147900728F1F /* BabyWizeUITestsLaunchTests.swift */,
			);
			path = BabyWizeUITests;
			sourceTree = "<group>";
		};
		05817C5D28C781040040A4B0 /* CoreData */ = {
			isa = PBXGroup;
			children = (
				05817C5928C7806F0040A4B0 /* UserEntriesModel.xcdatamodeld */,
				05817C5E28C788580040A4B0 /* DataController.swift */,
				054B1F6028CA31E00021C5BF /* CoreDataExtensions.swift */,
			);
			path = CoreData;
			sourceTree = "<group>";
		};
		059C68E32886AEF800C90710 /* InfoScreen */ = {
			isa = PBXGroup;
			children = (
				059C68E42886AF0500C90710 /* Info View.swift */,
			);
			path = InfoScreen;
			sourceTree = "<group>";
		};
		059C68EA2886BD5C00C90710 /* InputDetailView */ = {
			isa = PBXGroup;
			children = (
				059C68EB2886BD6E00C90710 /* InputDetailView.swift */,
				059C68EF2886D8CD00C90710 /* EditEntryView.swift */,
			);
			path = InputDetailView;
			sourceTree = "<group>";
		};
		05B8AF6A2886985800BBC41B /* Settings */ = {
			isa = PBXGroup;
			children = (
				3BE30FFB28D5DCF100E75D22 /* LoginView.swift */,
				05B8AF6D2886989C00BBC41B /* SettingsView.swift */,
			);
			path = Settings;
			sourceTree = "<group>";
		};
		05DD68AB2885B65B0066BFEC /* Screens */ = {
			isa = PBXGroup;
			children = (
				059C68E32886AEF800C90710 /* InfoScreen */,
				05B8AF6A2886985800BBC41B /* Settings */,
				05DD68D1288613FF0066BFEC /* Global Views */,
				05DD68AC2885B6690066BFEC /* Home Screen */,
			);
			path = Screens;
			sourceTree = "<group>";
		};
		05DD68AC2885B6690066BFEC /* Home Screen */ = {
			isa = PBXGroup;
			children = (
				056083802884147800728F1F /* HomeView.swift */,
				05DD68AD2885B6710066BFEC /* Views */,
			);
			path = "Home Screen";
			sourceTree = "<group>";
		};
		05DD68AD2885B6710066BFEC /* Views */ = {
			isa = PBXGroup;
			children = (
				05DD68AE2885B68B0066BFEC /* HomeScreenSections.swift */,
			);
			path = Views;
			sourceTree = "<group>";
		};
		05DD68B02885B6FD0066BFEC /* Models */ = {
			isa = PBXGroup;
			children = (
				05DD68B32885B71E0066BFEC /* Models */,
				05DD68B22885B70C0066BFEC /* Dummy */,
				05DD68B12885B7040066BFEC /* Extensions */,
				050AEEB9288DB3870052A2D1 /* Secrets.swift */,
				05817C5D28C781040040A4B0 /* CoreData */,
			);
			path = Models;
			sourceTree = "<group>";
		};
		05DD68B12885B7040066BFEC /* Extensions */ = {
			isa = PBXGroup;
			children = (
				056083A8288417F700728F1F /* Date+extension.swift */,
				05DD68C52885FC0F0066BFEC /* Swinject+extension.swift */,
				05DD68CD288603820066BFEC /* Double+extension.swift */,
				05B8AF68288633A100BBC41B /* Array+Extension.swift */,
			);
			path = Extensions;
			sourceTree = "<group>";
		};
		05DD68B22885B70C0066BFEC /* Dummy */ = {
			isa = PBXGroup;
			children = (
				05DD68B82885B7600066BFEC /* DummyData.swift */,
			);
			path = Dummy;
			sourceTree = "<group>";
		};
		05DD68B32885B71E0066BFEC /* Models */ = {
			isa = PBXGroup;
			children = (
				059C68E72886B66B00C90710 /* DataItem.swift */,
				05DD68D42886144E0066BFEC /* EntryType.swift */,
				05DD68D8288619DB0066BFEC /* FeedUnits.swift */,
				05B8AF6628862C7C00BBC41B /* Constants.swift */,
			);
			path = Models;
			sourceTree = "<group>";
		};
		05DD68BA2885B7810066BFEC /* View Models */ = {
			isa = PBXGroup;
			children = (
				05DD68D6288619B50066BFEC /* EntryViewModel.swift */,
				059C68F12887015A00C90710 /* InfoScreenViewModel.swift */,
				3B64002628D6620800241D65 /* SigninViewModel.swift */,
			);
			path = "View Models";
			sourceTree = "<group>";
		};
		05DD68C02885B8110066BFEC /* Managers */ = {
			isa = PBXGroup;
			children = (
				05DD68C32885FB2C0066BFEC /* BabyDataManager.swift */,
				05DD68C12885B8460066BFEC /* SwinjectManager.swift */,
				050AEEA6288C6B170052A2D1 /* WidgetManager.swift */,
			);
			path = Managers;
			sourceTree = "<group>";
		};
		05DD68C72885FC4C0066BFEC /* Feature */ = {
			isa = PBXGroup;
			children = (
				05DD68C82885FC520066BFEC /* Dependency Injection */,
			);
			path = Feature;
			sourceTree = "<group>";
		};
		05DD68C82885FC520066BFEC /* Dependency Injection */ = {
			isa = PBXGroup;
			children = (
				05DD68C92885FC720066BFEC /* DependencyInjectionProtocols.swift */,
			);
			path = "Dependency Injection";
			sourceTree = "<group>";
		};
		05DD68D1288613FF0066BFEC /* Global Views */ = {
			isa = PBXGroup;
			children = (
				059C68EA2886BD5C00C90710 /* InputDetailView */,
				05DD68DA28861C820066BFEC /* EntryView */,
				3B64002428D65B0700241D65 /* GrayTextField.swift */,
			);
			path = "Global Views";
			sourceTree = "<group>";
		};
		05DD68DA28861C820066BFEC /* EntryView */ = {
			isa = PBXGroup;
			children = (
				05DD68D22886140C0066BFEC /* AddEntryView.swift */,
				05DD68DB28861C930066BFEC /* FeedEntryView.swift */,
				05DD68DD28861CD70066BFEC /* SleepEntryView.swift */,
				05DD68DF28861DAC0066BFEC /* NappyEntryView.swift */,
			);
			path = EntryView;
			sourceTree = "<group>";
		};
/* End PBXGroup section */

/* Begin PBXNativeTarget section */
		050AEE8E288C64190052A2D1 /* AddEntryWidgetExtension */ = {
			isa = PBXNativeTarget;
			buildConfigurationList = 050AEEA4288C641A0052A2D1 /* Build configuration list for PBXNativeTarget "AddEntryWidgetExtension" */;
			buildPhases = (
				050AEE8B288C64190052A2D1 /* Sources */,
				050AEE8C288C64190052A2D1 /* Frameworks */,
				050AEE8D288C64190052A2D1 /* Resources */,
			);
			buildRules = (
			);
			dependencies = (
			);
			name = AddEntryWidgetExtension;
			packageProductDependencies = (
			);
			productName = AddEntryWidgetExtension;
			productReference = 050AEE8F288C64190052A2D1 /* AddEntryWidgetExtension.appex */;
			productType = "com.apple.product-type.app-extension";
		};
		0560837A2884147800728F1F /* BabyWize */ = {
			isa = PBXNativeTarget;
			buildConfigurationList = 0560839F2884147900728F1F /* Build configuration list for PBXNativeTarget "BabyWize" */;
			buildPhases = (
				3BE30FF928D5D90000E75D22 /* ShellScript */,
				056083772884147800728F1F /* Sources */,
				056083782884147800728F1F /* Frameworks */,
				056083792884147800728F1F /* Resources */,
				050AEEA1288C641A0052A2D1 /* Embed Foundation Extensions */,
			);
			buildRules = (
			);
			dependencies = (
				050AEE9F288C641A0052A2D1 /* PBXTargetDependency */,
			);
			name = BabyWize;
			packageProductDependencies = (
				05DD68BE2885B7E40066BFEC /* Swinject */,
				05580E7628CB2B7300E4ECDE /* Algorithms */,
				3BE30FED28D5D59000E75D22 /* FirebaseAuth */,
				3BE30FEF28D5D59000E75D22 /* FirebaseDatabase */,
				3BE30FF128D5D59000E75D22 /* FirebaseDatabaseSwift */,
				3BE30FF328D5D59000E75D22 /* FirebaseFirestore */,
				3BE30FF528D5D59000E75D22 /* FirebaseFirestoreSwift */,
				3BE30FF728D5D59000E75D22 /* FirebaseStorage */,
			);
			productName = BabyTracker;
			productReference = 0560837B2884147800728F1F /* BabyWize.app */;
			productType = "com.apple.product-type.application";
		};
		0560838A2884147900728F1F /* BabyWizeTests */ = {
			isa = PBXNativeTarget;
			buildConfigurationList = 056083A22884147900728F1F /* Build configuration list for PBXNativeTarget "BabyWizeTests" */;
			buildPhases = (
				056083872884147900728F1F /* Sources */,
				056083882884147900728F1F /* Frameworks */,
				056083892884147900728F1F /* Resources */,
			);
			buildRules = (
			);
			dependencies = (
				0560838D2884147900728F1F /* PBXTargetDependency */,
			);
			name = BabyWizeTests;
			productName = BabyTrackerTests;
			productReference = 0560838B2884147900728F1F /* BabyWizeTests.xctest */;
			productType = "com.apple.product-type.bundle.unit-test";
		};
		056083942884147900728F1F /* BabyWizeUITests */ = {
			isa = PBXNativeTarget;
			buildConfigurationList = 056083A52884147900728F1F /* Build configuration list for PBXNativeTarget "BabyWizeUITests" */;
			buildPhases = (
				056083912884147900728F1F /* Sources */,
				056083922884147900728F1F /* Frameworks */,
				056083932884147900728F1F /* Resources */,
			);
			buildRules = (
			);
			dependencies = (
				056083972884147900728F1F /* PBXTargetDependency */,
			);
			name = BabyWizeUITests;
			productName = BabyTrackerUITests;
			productReference = 056083952884147900728F1F /* BabyWizeUITests.xctest */;
			productType = "com.apple.product-type.bundle.ui-testing";
		};
/* End PBXNativeTarget section */

/* Begin PBXProject section */
		056083732884147800728F1F /* Project object */ = {
			isa = PBXProject;
			attributes = {
				BuildIndependentTargetsInParallel = 1;
				LastSwiftUpdateCheck = 1400;
				LastUpgradeCheck = 1400;
				TargetAttributes = {
					050AEE8E288C64190052A2D1 = {
						CreatedOnToolsVersion = 14.0;
					};
					0560837A2884147800728F1F = {
						CreatedOnToolsVersion = 14.0;
					};
					0560838A2884147900728F1F = {
						CreatedOnToolsVersion = 14.0;
						TestTargetID = 0560837A2884147800728F1F;
					};
					056083942884147900728F1F = {
						CreatedOnToolsVersion = 14.0;
						TestTargetID = 0560837A2884147800728F1F;
					};
				};
			};
			buildConfigurationList = 056083762884147800728F1F /* Build configuration list for PBXProject "BabyWize" */;
			compatibilityVersion = "Xcode 14.0";
			developmentRegion = en;
			hasScannedForEncodings = 0;
			knownRegions = (
				en,
				Base,
			);
			mainGroup = 056083722884147800728F1F;
			packageReferences = (
				05DD68BD2885B7E40066BFEC /* XCRemoteSwiftPackageReference "Swinject" */,
				05580E7528CB2B7300E4ECDE /* XCRemoteSwiftPackageReference "swift-algorithms" */,
				3BE30FEC28D5D59000E75D22 /* XCRemoteSwiftPackageReference "firebase-ios-sdk" */,
			);
			productRefGroup = 0560837C2884147800728F1F /* Products */;
			projectDirPath = "";
			projectRoot = "";
			targets = (
				0560837A2884147800728F1F /* BabyWize */,
				0560838A2884147900728F1F /* BabyWizeTests */,
				056083942884147900728F1F /* BabyWizeUITests */,
				050AEE8E288C64190052A2D1 /* AddEntryWidgetExtension */,
			);
		};
/* End PBXProject section */

/* Begin PBXResourcesBuildPhase section */
		050AEE8D288C64190052A2D1 /* Resources */ = {
			isa = PBXResourcesBuildPhase;
			buildActionMask = 2147483647;
			files = (
				3BE30FE628D5D25A00E75D22 /* Assets.xcassets in Resources */,
				050AEE9A288C641A0052A2D1 /* Assets.xcassets in Resources */,
				3BE30FEB28D5D40900E75D22 /* GoogleService-Info.plist in Resources */,
			);
			runOnlyForDeploymentPostprocessing = 0;
		};
		056083792884147800728F1F /* Resources */ = {
			isa = PBXResourcesBuildPhase;
			buildActionMask = 2147483647;
			files = (
				056083862884147900728F1F /* Preview Assets.xcassets in Resources */,
				056083832884147900728F1F /* Assets.xcassets in Resources */,
				3BE30FEA28D5D40900E75D22 /* GoogleService-Info.plist in Resources */,
			);
			runOnlyForDeploymentPostprocessing = 0;
		};
		056083892884147900728F1F /* Resources */ = {
			isa = PBXResourcesBuildPhase;
			buildActionMask = 2147483647;
			files = (
			);
			runOnlyForDeploymentPostprocessing = 0;
		};
		056083932884147900728F1F /* Resources */ = {
			isa = PBXResourcesBuildPhase;
			buildActionMask = 2147483647;
			files = (
			);
			runOnlyForDeploymentPostprocessing = 0;
		};
/* End PBXResourcesBuildPhase section */

/* Begin PBXShellScriptBuildPhase section */
		3BE30FF928D5D90000E75D22 /* ShellScript */ = {
			isa = PBXShellScriptBuildPhase;
			alwaysOutOfDate = 1;
			buildActionMask = 8;
			files = (
			);
			inputFileListPaths = (
			);
			inputPaths = (
			);
			outputFileListPaths = (
			);
			outputPaths = (
			);
			runOnlyForDeploymentPostprocessing = 1;
			shellPath = /bin/sh;
			shellScript = "# Type a script or drag a script file from your workspace to insert its path.\nif which swiftformat >/dev/null; then\n  swiftformat . --swiftversion 5.7\nelse\n  echo \"warning: SwiftFormat not installed, download from https://github.com/nicklockwood/SwiftFormat\"\nfi\n";
		};
/* End PBXShellScriptBuildPhase section */

/* Begin PBXSourcesBuildPhase section */
		050AEE8B288C64190052A2D1 /* Sources */ = {
			isa = PBXSourcesBuildPhase;
			buildActionMask = 2147483647;
			files = (
				054B1F6228CA31E00021C5BF /* CoreDataExtensions.swift in Sources */,
				050AEE97288C64190052A2D1 /* AddEntryWidget.swift in Sources */,
				05817C6028C788580040A4B0 /* DataController.swift in Sources */,
				050AEE9C288C641A0052A2D1 /* AddEntryWidget.intentdefinition in Sources */,
				054B1F6328CA33610021C5BF /* DataItem.swift in Sources */,
				05817C5C28C7806F0040A4B0 /* UserEntriesModel.xcdatamodeld in Sources */,
			);
			runOnlyForDeploymentPostprocessing = 0;
		};
		056083772884147800728F1F /* Sources */ = {
			isa = PBXSourcesBuildPhase;
			buildActionMask = 2147483647;
			files = (
				05DD68DC28861C930066BFEC /* FeedEntryView.swift in Sources */,
				05B8AF6728862C7C00BBC41B /* Constants.swift in Sources */,
				05DD68DE28861CD70066BFEC /* SleepEntryView.swift in Sources */,
				05DD68AF2885B68B0066BFEC /* HomeScreenSections.swift in Sources */,
				3B64002528D65B0700241D65 /* GrayTextField.swift in Sources */,
				059C68E82886B66B00C90710 /* DataItem.swift in Sources */,
				05DD68D52886144E0066BFEC /* EntryType.swift in Sources */,
				059C68EC2886BD6E00C90710 /* InputDetailView.swift in Sources */,
				054B1F6128CA31E00021C5BF /* CoreDataExtensions.swift in Sources */,
				05DD68C62885FC0F0066BFEC /* Swinject+extension.swift in Sources */,
				050AEEA7288C6B170052A2D1 /* WidgetManager.swift in Sources */,
				05B8AF6E2886989C00BBC41B /* SettingsView.swift in Sources */,
				05DD68C22885B8460066BFEC /* SwinjectManager.swift in Sources */,
				059C68F02886D8CD00C90710 /* EditEntryView.swift in Sources */,
				059C68E52886AF0500C90710 /* Info View.swift in Sources */,
				05DD68D32886140C0066BFEC /* AddEntryView.swift in Sources */,
				05DD68CA2885FC720066BFEC /* DependencyInjectionProtocols.swift in Sources */,
				056083A9288417F700728F1F /* Date+extension.swift in Sources */,
				05B8AF69288633A100BBC41B /* Array+Extension.swift in Sources */,
				05DD68C42885FB2C0066BFEC /* BabyDataManager.swift in Sources */,
				05DD68B92885B7600066BFEC /* DummyData.swift in Sources */,
				056083812884147800728F1F /* HomeView.swift in Sources */,
				050AEEBA288DB3870052A2D1 /* Secrets.swift in Sources */,
				05DD68D9288619DB0066BFEC /* FeedUnits.swift in Sources */,
				3B64002728D6620800241D65 /* SigninViewModel.swift in Sources */,
				05DD68D7288619B50066BFEC /* EntryViewModel.swift in Sources */,
				050AEE9D288C641A0052A2D1 /* AddEntryWidget.intentdefinition in Sources */,
				05817C5F28C788580040A4B0 /* DataController.swift in Sources */,
				05DD68E028861DAC0066BFEC /* NappyEntryView.swift in Sources */,
				05DD68CE288603820066BFEC /* Double+extension.swift in Sources */,
				0560837F2884147800728F1F /* BabyWizeApp.swift in Sources */,
				059C68F22887015A00C90710 /* InfoScreenViewModel.swift in Sources */,
				3BE30FFC28D5DCF100E75D22 /* LoginView.swift in Sources */,
				05817C5B28C7806F0040A4B0 /* UserEntriesModel.xcdatamodeld in Sources */,
			);
			runOnlyForDeploymentPostprocessing = 0;
		};
		056083872884147900728F1F /* Sources */ = {
			isa = PBXSourcesBuildPhase;
			buildActionMask = 2147483647;
			files = (
				3B64002A28D665C600241D65 /* SigninViewModel.swift in Sources */,
				3B64002928D665AA00241D65 /* SignInTests.swift in Sources */,
				054B1F6528CA33620021C5BF /* DataItem.swift in Sources */,
				056083902884147900728F1F /* BabyWizeTests.swift in Sources */,
			);
			runOnlyForDeploymentPostprocessing = 0;
		};
		056083912884147900728F1F /* Sources */ = {
			isa = PBXSourcesBuildPhase;
			buildActionMask = 2147483647;
			files = (
				0560839A2884147900728F1F /* BabyWizeUITests.swift in Sources */,
				054B1F6428CA33620021C5BF /* DataItem.swift in Sources */,
				0560839C2884147900728F1F /* BabyWizeUITestsLaunchTests.swift in Sources */,
			);
			runOnlyForDeploymentPostprocessing = 0;
		};
/* End PBXSourcesBuildPhase section */

/* Begin PBXTargetDependency section */
		050AEE9F288C641A0052A2D1 /* PBXTargetDependency */ = {
			isa = PBXTargetDependency;
			target = 050AEE8E288C64190052A2D1 /* AddEntryWidgetExtension */;
			targetProxy = 050AEE9E288C641A0052A2D1 /* PBXContainerItemProxy */;
		};
		0560838D2884147900728F1F /* PBXTargetDependency */ = {
			isa = PBXTargetDependency;
			target = 0560837A2884147800728F1F /* BabyWize */;
			targetProxy = 0560838C2884147900728F1F /* PBXContainerItemProxy */;
		};
		056083972884147900728F1F /* PBXTargetDependency */ = {
			isa = PBXTargetDependency;
			target = 0560837A2884147800728F1F /* BabyWize */;
			targetProxy = 056083962884147900728F1F /* PBXContainerItemProxy */;
		};
/* End PBXTargetDependency section */

/* Begin XCBuildConfiguration section */
		050AEEA2288C641A0052A2D1 /* Debug */ = {
			isa = XCBuildConfiguration;
			buildSettings = {
				ASSETCATALOG_COMPILER_GLOBAL_ACCENT_COLOR_NAME = AccentColor;
				ASSETCATALOG_COMPILER_WIDGET_BACKGROUND_COLOR_NAME = WidgetBackground;
				CODE_SIGN_ENTITLEMENTS = AddEntryWidgetExtension.entitlements;
				CODE_SIGN_STYLE = Automatic;
				CURRENT_PROJECT_VERSION = 1;
				DEVELOPMENT_TEAM = 4J7W4CYA5S;
				GENERATE_INFOPLIST_FILE = YES;
				INFOPLIST_FILE = AddEntryWidget/Info.plist;
				INFOPLIST_KEY_CFBundleDisplayName = AddEntryWidget;
				INFOPLIST_KEY_NSHumanReadableCopyright = "";
				LD_RUNPATH_SEARCH_PATHS = (
					"$(inherited)",
					"@executable_path/Frameworks",
					"@executable_path/../../Frameworks",
				);
				MARKETING_VERSION = 1.0;
				PRODUCT_BUNDLE_IDENTIFIER = NoamEfergan.BabyWize.AddEntryWidget;
				PRODUCT_NAME = "$(TARGET_NAME)";
				SKIP_INSTALL = YES;
				SWIFT_EMIT_LOC_STRINGS = YES;
				SWIFT_VERSION = 5.0;
				TARGETED_DEVICE_FAMILY = "1,2";
			};
			name = Debug;
		};
		050AEEA3288C641A0052A2D1 /* Release */ = {
			isa = XCBuildConfiguration;
			buildSettings = {
				ASSETCATALOG_COMPILER_GLOBAL_ACCENT_COLOR_NAME = AccentColor;
				ASSETCATALOG_COMPILER_WIDGET_BACKGROUND_COLOR_NAME = WidgetBackground;
				CODE_SIGN_ENTITLEMENTS = AddEntryWidgetExtension.entitlements;
				CODE_SIGN_STYLE = Automatic;
				CURRENT_PROJECT_VERSION = 1;
				DEVELOPMENT_TEAM = 4J7W4CYA5S;
				GENERATE_INFOPLIST_FILE = YES;
				INFOPLIST_FILE = AddEntryWidget/Info.plist;
				INFOPLIST_KEY_CFBundleDisplayName = AddEntryWidget;
				INFOPLIST_KEY_NSHumanReadableCopyright = "";
				LD_RUNPATH_SEARCH_PATHS = (
					"$(inherited)",
					"@executable_path/Frameworks",
					"@executable_path/../../Frameworks",
				);
				MARKETING_VERSION = 1.0;
				PRODUCT_BUNDLE_IDENTIFIER = NoamEfergan.BabyWize.AddEntryWidget;
				PRODUCT_NAME = "$(TARGET_NAME)";
				SKIP_INSTALL = YES;
				SWIFT_EMIT_LOC_STRINGS = YES;
				SWIFT_VERSION = 5.0;
				TARGETED_DEVICE_FAMILY = "1,2";
			};
			name = Release;
		};
		0560839D2884147900728F1F /* Debug */ = {
			isa = XCBuildConfiguration;
			buildSettings = {
				ALWAYS_SEARCH_USER_PATHS = NO;
				CLANG_ANALYZER_NONNULL = YES;
				CLANG_ANALYZER_NUMBER_OBJECT_CONVERSION = YES_AGGRESSIVE;
				CLANG_CXX_LANGUAGE_STANDARD = "gnu++20";
				CLANG_ENABLE_MODULES = YES;
				CLANG_ENABLE_OBJC_ARC = YES;
				CLANG_ENABLE_OBJC_WEAK = YES;
				CLANG_WARN_BLOCK_CAPTURE_AUTORELEASING = YES;
				CLANG_WARN_BOOL_CONVERSION = YES;
				CLANG_WARN_COMMA = YES;
				CLANG_WARN_CONSTANT_CONVERSION = YES;
				CLANG_WARN_DEPRECATED_OBJC_IMPLEMENTATIONS = YES;
				CLANG_WARN_DIRECT_OBJC_ISA_USAGE = YES_ERROR;
				CLANG_WARN_DOCUMENTATION_COMMENTS = YES;
				CLANG_WARN_EMPTY_BODY = YES;
				CLANG_WARN_ENUM_CONVERSION = YES;
				CLANG_WARN_INFINITE_RECURSION = YES;
				CLANG_WARN_INT_CONVERSION = YES;
				CLANG_WARN_NON_LITERAL_NULL_CONVERSION = YES;
				CLANG_WARN_OBJC_IMPLICIT_RETAIN_SELF = YES;
				CLANG_WARN_OBJC_LITERAL_CONVERSION = YES;
				CLANG_WARN_OBJC_ROOT_CLASS = YES_ERROR;
				CLANG_WARN_QUOTED_INCLUDE_IN_FRAMEWORK_HEADER = YES;
				CLANG_WARN_RANGE_LOOP_ANALYSIS = YES;
				CLANG_WARN_STRICT_PROTOTYPES = YES;
				CLANG_WARN_SUSPICIOUS_MOVE = YES;
				CLANG_WARN_UNGUARDED_AVAILABILITY = YES_AGGRESSIVE;
				CLANG_WARN_UNREACHABLE_CODE = YES;
				CLANG_WARN__DUPLICATE_METHOD_MATCH = YES;
				COPY_PHASE_STRIP = NO;
				DEBUG_INFORMATION_FORMAT = dwarf;
				ENABLE_STRICT_OBJC_MSGSEND = YES;
				ENABLE_TESTABILITY = YES;
				GCC_C_LANGUAGE_STANDARD = gnu11;
				GCC_DYNAMIC_NO_PIC = NO;
				GCC_NO_COMMON_BLOCKS = YES;
				GCC_OPTIMIZATION_LEVEL = 0;
				GCC_PREPROCESSOR_DEFINITIONS = (
					"DEBUG=1",
					"$(inherited)",
				);
				GCC_WARN_64_TO_32_BIT_CONVERSION = YES;
				GCC_WARN_ABOUT_RETURN_TYPE = YES_ERROR;
				GCC_WARN_UNDECLARED_SELECTOR = YES;
				GCC_WARN_UNINITIALIZED_AUTOS = YES_AGGRESSIVE;
				GCC_WARN_UNUSED_FUNCTION = YES;
				GCC_WARN_UNUSED_VARIABLE = YES;
				IPHONEOS_DEPLOYMENT_TARGET = 16.0;
				MTL_ENABLE_DEBUG_INFO = INCLUDE_SOURCE;
				MTL_FAST_MATH = YES;
				ONLY_ACTIVE_ARCH = YES;
				SDKROOT = iphoneos;
				SWIFT_ACTIVE_COMPILATION_CONDITIONS = DEBUG;
				SWIFT_OPTIMIZATION_LEVEL = "-Onone";
			};
			name = Debug;
		};
		0560839E2884147900728F1F /* Release */ = {
			isa = XCBuildConfiguration;
			buildSettings = {
				ALWAYS_SEARCH_USER_PATHS = NO;
				CLANG_ANALYZER_NONNULL = YES;
				CLANG_ANALYZER_NUMBER_OBJECT_CONVERSION = YES_AGGRESSIVE;
				CLANG_CXX_LANGUAGE_STANDARD = "gnu++20";
				CLANG_ENABLE_MODULES = YES;
				CLANG_ENABLE_OBJC_ARC = YES;
				CLANG_ENABLE_OBJC_WEAK = YES;
				CLANG_WARN_BLOCK_CAPTURE_AUTORELEASING = YES;
				CLANG_WARN_BOOL_CONVERSION = YES;
				CLANG_WARN_COMMA = YES;
				CLANG_WARN_CONSTANT_CONVERSION = YES;
				CLANG_WARN_DEPRECATED_OBJC_IMPLEMENTATIONS = YES;
				CLANG_WARN_DIRECT_OBJC_ISA_USAGE = YES_ERROR;
				CLANG_WARN_DOCUMENTATION_COMMENTS = YES;
				CLANG_WARN_EMPTY_BODY = YES;
				CLANG_WARN_ENUM_CONVERSION = YES;
				CLANG_WARN_INFINITE_RECURSION = YES;
				CLANG_WARN_INT_CONVERSION = YES;
				CLANG_WARN_NON_LITERAL_NULL_CONVERSION = YES;
				CLANG_WARN_OBJC_IMPLICIT_RETAIN_SELF = YES;
				CLANG_WARN_OBJC_LITERAL_CONVERSION = YES;
				CLANG_WARN_OBJC_ROOT_CLASS = YES_ERROR;
				CLANG_WARN_QUOTED_INCLUDE_IN_FRAMEWORK_HEADER = YES;
				CLANG_WARN_RANGE_LOOP_ANALYSIS = YES;
				CLANG_WARN_STRICT_PROTOTYPES = YES;
				CLANG_WARN_SUSPICIOUS_MOVE = YES;
				CLANG_WARN_UNGUARDED_AVAILABILITY = YES_AGGRESSIVE;
				CLANG_WARN_UNREACHABLE_CODE = YES;
				CLANG_WARN__DUPLICATE_METHOD_MATCH = YES;
				COPY_PHASE_STRIP = NO;
				DEBUG_INFORMATION_FORMAT = "dwarf-with-dsym";
				ENABLE_NS_ASSERTIONS = NO;
				ENABLE_STRICT_OBJC_MSGSEND = YES;
				GCC_C_LANGUAGE_STANDARD = gnu11;
				GCC_NO_COMMON_BLOCKS = YES;
				GCC_WARN_64_TO_32_BIT_CONVERSION = YES;
				GCC_WARN_ABOUT_RETURN_TYPE = YES_ERROR;
				GCC_WARN_UNDECLARED_SELECTOR = YES;
				GCC_WARN_UNINITIALIZED_AUTOS = YES_AGGRESSIVE;
				GCC_WARN_UNUSED_FUNCTION = YES;
				GCC_WARN_UNUSED_VARIABLE = YES;
				IPHONEOS_DEPLOYMENT_TARGET = 16.0;
				MTL_ENABLE_DEBUG_INFO = NO;
				MTL_FAST_MATH = YES;
				SDKROOT = iphoneos;
				SWIFT_COMPILATION_MODE = wholemodule;
				SWIFT_OPTIMIZATION_LEVEL = "-O";
				VALIDATE_PRODUCT = YES;
			};
			name = Release;
		};
		056083A02884147900728F1F /* Debug */ = {
			isa = XCBuildConfiguration;
			buildSettings = {
				ALWAYS_EMBED_SWIFT_STANDARD_LIBRARIES = YES;
				ASSETCATALOG_COMPILER_APPICON_NAME = AppIcon;
				ASSETCATALOG_COMPILER_GLOBAL_ACCENT_COLOR_NAME = AccentColor;
				CODE_SIGN_ENTITLEMENTS = BabyWize/BabyWize.entitlements;
				CODE_SIGN_STYLE = Automatic;
				CURRENT_PROJECT_VERSION = 1;
				DEVELOPMENT_ASSET_PATHS = "\"BabyWize/Preview Content\"";
				DEVELOPMENT_TEAM = 4J7W4CYA5S;
				ENABLE_PREVIEWS = YES;
				GENERATE_INFOPLIST_FILE = YES;
				INFOPLIST_FILE = BabyWize/Info.plist;
				INFOPLIST_KEY_UIApplicationSceneManifest_Generation = YES;
				INFOPLIST_KEY_UIApplicationSupportsIndirectInputEvents = YES;
				INFOPLIST_KEY_UILaunchScreen_Generation = YES;
				INFOPLIST_KEY_UISupportedInterfaceOrientations_iPad = "UIInterfaceOrientationPortrait UIInterfaceOrientationPortraitUpsideDown UIInterfaceOrientationLandscapeLeft UIInterfaceOrientationLandscapeRight";
				INFOPLIST_KEY_UISupportedInterfaceOrientations_iPhone = "UIInterfaceOrientationPortrait UIInterfaceOrientationLandscapeLeft UIInterfaceOrientationLandscapeRight";
				LD_RUNPATH_SEARCH_PATHS = (
					"$(inherited)",
					"@executable_path/Frameworks",
				);
				MARKETING_VERSION = 1.0;
				PRODUCT_BUNDLE_IDENTIFIER = NoamEfergan.BabyWize;
				PRODUCT_NAME = "$(TARGET_NAME)";
				SWIFT_EMIT_LOC_STRINGS = YES;
				SWIFT_VERSION = 5.0;
				TARGETED_DEVICE_FAMILY = "1,2";
			};
			name = Debug;
		};
		056083A12884147900728F1F /* Release */ = {
			isa = XCBuildConfiguration;
			buildSettings = {
				ALWAYS_EMBED_SWIFT_STANDARD_LIBRARIES = YES;
				ASSETCATALOG_COMPILER_APPICON_NAME = AppIcon;
				ASSETCATALOG_COMPILER_GLOBAL_ACCENT_COLOR_NAME = AccentColor;
				CODE_SIGN_ENTITLEMENTS = BabyWize/BabyWize.entitlements;
				CODE_SIGN_STYLE = Automatic;
				CURRENT_PROJECT_VERSION = 1;
				DEVELOPMENT_ASSET_PATHS = "\"BabyWize/Preview Content\"";
				DEVELOPMENT_TEAM = 4J7W4CYA5S;
				ENABLE_PREVIEWS = YES;
				GENERATE_INFOPLIST_FILE = YES;
				INFOPLIST_FILE = BabyWize/Info.plist;
				INFOPLIST_KEY_UIApplicationSceneManifest_Generation = YES;
				INFOPLIST_KEY_UIApplicationSupportsIndirectInputEvents = YES;
				INFOPLIST_KEY_UILaunchScreen_Generation = YES;
				INFOPLIST_KEY_UISupportedInterfaceOrientations_iPad = "UIInterfaceOrientationPortrait UIInterfaceOrientationPortraitUpsideDown UIInterfaceOrientationLandscapeLeft UIInterfaceOrientationLandscapeRight";
				INFOPLIST_KEY_UISupportedInterfaceOrientations_iPhone = "UIInterfaceOrientationPortrait UIInterfaceOrientationLandscapeLeft UIInterfaceOrientationLandscapeRight";
				LD_RUNPATH_SEARCH_PATHS = (
					"$(inherited)",
					"@executable_path/Frameworks",
				);
				MARKETING_VERSION = 1.0;
				PRODUCT_BUNDLE_IDENTIFIER = NoamEfergan.BabyWize;
				PRODUCT_NAME = "$(TARGET_NAME)";
				SWIFT_EMIT_LOC_STRINGS = YES;
				SWIFT_VERSION = 5.0;
				TARGETED_DEVICE_FAMILY = "1,2";
			};
			name = Release;
		};
		056083A32884147900728F1F /* Debug */ = {
			isa = XCBuildConfiguration;
			buildSettings = {
				ALWAYS_EMBED_SWIFT_STANDARD_LIBRARIES = YES;
				BUNDLE_LOADER = "$(TEST_HOST)";
				CODE_SIGN_STYLE = Automatic;
				CURRENT_PROJECT_VERSION = 1;
				DEVELOPMENT_TEAM = 4J7W4CYA5S;
				GENERATE_INFOPLIST_FILE = YES;
				IPHONEOS_DEPLOYMENT_TARGET = 16.0;
				MARKETING_VERSION = 1.0;
				PRODUCT_BUNDLE_IDENTIFIER = NoamEfergan.BabyWizeTests;
				PRODUCT_NAME = "$(TARGET_NAME)";
				SWIFT_EMIT_LOC_STRINGS = NO;
				SWIFT_VERSION = 5.0;
				TARGETED_DEVICE_FAMILY = "1,2";
				TEST_HOST = "$(BUILT_PRODUCTS_DIR)/BabyWize.app/$(BUNDLE_EXECUTABLE_FOLDER_PATH)/BabyWize";
			};
			name = Debug;
		};
		056083A42884147900728F1F /* Release */ = {
			isa = XCBuildConfiguration;
			buildSettings = {
				ALWAYS_EMBED_SWIFT_STANDARD_LIBRARIES = YES;
				BUNDLE_LOADER = "$(TEST_HOST)";
				CODE_SIGN_STYLE = Automatic;
				CURRENT_PROJECT_VERSION = 1;
				DEVELOPMENT_TEAM = 4J7W4CYA5S;
				GENERATE_INFOPLIST_FILE = YES;
				IPHONEOS_DEPLOYMENT_TARGET = 16.0;
				MARKETING_VERSION = 1.0;
				PRODUCT_BUNDLE_IDENTIFIER = NoamEfergan.BabyWizeTests;
				PRODUCT_NAME = "$(TARGET_NAME)";
				SWIFT_EMIT_LOC_STRINGS = NO;
				SWIFT_VERSION = 5.0;
				TARGETED_DEVICE_FAMILY = "1,2";
				TEST_HOST = "$(BUILT_PRODUCTS_DIR)/BabyWize.app/$(BUNDLE_EXECUTABLE_FOLDER_PATH)/BabyWize";
			};
			name = Release;
		};
		056083A62884147900728F1F /* Debug */ = {
			isa = XCBuildConfiguration;
			buildSettings = {
				ALWAYS_EMBED_SWIFT_STANDARD_LIBRARIES = YES;
				CODE_SIGN_STYLE = Automatic;
				CURRENT_PROJECT_VERSION = 1;
				DEVELOPMENT_TEAM = 4J7W4CYA5S;
				GENERATE_INFOPLIST_FILE = YES;
				MARKETING_VERSION = 1.0;
				PRODUCT_BUNDLE_IDENTIFIER = NoamEfergan.BabyWizeUITests;
				PRODUCT_NAME = "$(TARGET_NAME)";
				SWIFT_EMIT_LOC_STRINGS = NO;
				SWIFT_VERSION = 5.0;
				TARGETED_DEVICE_FAMILY = "1,2";
				TEST_TARGET_NAME = BabyWize;
			};
			name = Debug;
		};
		056083A72884147900728F1F /* Release */ = {
			isa = XCBuildConfiguration;
			buildSettings = {
				ALWAYS_EMBED_SWIFT_STANDARD_LIBRARIES = YES;
				CODE_SIGN_STYLE = Automatic;
				CURRENT_PROJECT_VERSION = 1;
				DEVELOPMENT_TEAM = 4J7W4CYA5S;
				GENERATE_INFOPLIST_FILE = YES;
				MARKETING_VERSION = 1.0;
				PRODUCT_BUNDLE_IDENTIFIER = NoamEfergan.BabyWizeUITests;
				PRODUCT_NAME = "$(TARGET_NAME)";
				SWIFT_EMIT_LOC_STRINGS = NO;
				SWIFT_VERSION = 5.0;
				TARGETED_DEVICE_FAMILY = "1,2";
				TEST_TARGET_NAME = BabyWize;
			};
			name = Release;
		};
/* End XCBuildConfiguration section */

/* Begin XCConfigurationList section */
		050AEEA4288C641A0052A2D1 /* Build configuration list for PBXNativeTarget "AddEntryWidgetExtension" */ = {
			isa = XCConfigurationList;
			buildConfigurations = (
				050AEEA2288C641A0052A2D1 /* Debug */,
				050AEEA3288C641A0052A2D1 /* Release */,
			);
			defaultConfigurationIsVisible = 0;
			defaultConfigurationName = Release;
		};
		056083762884147800728F1F /* Build configuration list for PBXProject "BabyWize" */ = {
			isa = XCConfigurationList;
			buildConfigurations = (
				0560839D2884147900728F1F /* Debug */,
				0560839E2884147900728F1F /* Release */,
			);
			defaultConfigurationIsVisible = 0;
			defaultConfigurationName = Release;
		};
		0560839F2884147900728F1F /* Build configuration list for PBXNativeTarget "BabyWize" */ = {
			isa = XCConfigurationList;
			buildConfigurations = (
				056083A02884147900728F1F /* Debug */,
				056083A12884147900728F1F /* Release */,
			);
			defaultConfigurationIsVisible = 0;
			defaultConfigurationName = Release;
		};
		056083A22884147900728F1F /* Build configuration list for PBXNativeTarget "BabyWizeTests" */ = {
			isa = XCConfigurationList;
			buildConfigurations = (
				056083A32884147900728F1F /* Debug */,
				056083A42884147900728F1F /* Release */,
			);
			defaultConfigurationIsVisible = 0;
			defaultConfigurationName = Release;
		};
		056083A52884147900728F1F /* Build configuration list for PBXNativeTarget "BabyWizeUITests" */ = {
			isa = XCConfigurationList;
			buildConfigurations = (
				056083A62884147900728F1F /* Debug */,
				056083A72884147900728F1F /* Release */,
			);
			defaultConfigurationIsVisible = 0;
			defaultConfigurationName = Release;
		};
/* End XCConfigurationList section */

/* Begin XCRemoteSwiftPackageReference section */
		05580E7528CB2B7300E4ECDE /* XCRemoteSwiftPackageReference "swift-algorithms" */ = {
			isa = XCRemoteSwiftPackageReference;
			repositoryURL = "https://github.com/apple/swift-algorithms.git";
			requirement = {
				kind = upToNextMajorVersion;
				minimumVersion = 1.0.0;
			};
		};
		05DD68BD2885B7E40066BFEC /* XCRemoteSwiftPackageReference "Swinject" */ = {
			isa = XCRemoteSwiftPackageReference;
			repositoryURL = "https://github.com/Swinject/Swinject.git";
			requirement = {
				kind = upToNextMajorVersion;
				minimumVersion = 2.0.0;
			};
		};
		3BE30FEC28D5D59000E75D22 /* XCRemoteSwiftPackageReference "firebase-ios-sdk" */ = {
			isa = XCRemoteSwiftPackageReference;
			repositoryURL = "https://github.com/firebase/firebase-ios-sdk";
			requirement = {
				kind = upToNextMajorVersion;
				minimumVersion = 9.0.0;
			};
		};
/* End XCRemoteSwiftPackageReference section */

/* Begin XCSwiftPackageProductDependency section */
		05580E7628CB2B7300E4ECDE /* Algorithms */ = {
			isa = XCSwiftPackageProductDependency;
			package = 05580E7528CB2B7300E4ECDE /* XCRemoteSwiftPackageReference "swift-algorithms" */;
			productName = Algorithms;
		};
		05DD68BE2885B7E40066BFEC /* Swinject */ = {
			isa = XCSwiftPackageProductDependency;
			package = 05DD68BD2885B7E40066BFEC /* XCRemoteSwiftPackageReference "Swinject" */;
			productName = Swinject;
		};
		3BE30FED28D5D59000E75D22 /* FirebaseAuth */ = {
			isa = XCSwiftPackageProductDependency;
			package = 3BE30FEC28D5D59000E75D22 /* XCRemoteSwiftPackageReference "firebase-ios-sdk" */;
			productName = FirebaseAuth;
		};
		3BE30FEF28D5D59000E75D22 /* FirebaseDatabase */ = {
			isa = XCSwiftPackageProductDependency;
			package = 3BE30FEC28D5D59000E75D22 /* XCRemoteSwiftPackageReference "firebase-ios-sdk" */;
			productName = FirebaseDatabase;
		};
		3BE30FF128D5D59000E75D22 /* FirebaseDatabaseSwift */ = {
			isa = XCSwiftPackageProductDependency;
			package = 3BE30FEC28D5D59000E75D22 /* XCRemoteSwiftPackageReference "firebase-ios-sdk" */;
			productName = FirebaseDatabaseSwift;
		};
		3BE30FF328D5D59000E75D22 /* FirebaseFirestore */ = {
			isa = XCSwiftPackageProductDependency;
			package = 3BE30FEC28D5D59000E75D22 /* XCRemoteSwiftPackageReference "firebase-ios-sdk" */;
			productName = FirebaseFirestore;
		};
		3BE30FF528D5D59000E75D22 /* FirebaseFirestoreSwift */ = {
			isa = XCSwiftPackageProductDependency;
			package = 3BE30FEC28D5D59000E75D22 /* XCRemoteSwiftPackageReference "firebase-ios-sdk" */;
			productName = FirebaseFirestoreSwift;
		};
		3BE30FF728D5D59000E75D22 /* FirebaseStorage */ = {
			isa = XCSwiftPackageProductDependency;
			package = 3BE30FEC28D5D59000E75D22 /* XCRemoteSwiftPackageReference "firebase-ios-sdk" */;
			productName = FirebaseStorage;
		};
/* End XCSwiftPackageProductDependency section */

/* Begin XCVersionGroup section */
		05817C5928C7806F0040A4B0 /* UserEntriesModel.xcdatamodeld */ = {
			isa = XCVersionGroup;
			children = (
				05817C5A28C7806F0040A4B0 /* UserEntriesModel.xcdatamodel */,
			);
			currentVersion = 05817C5A28C7806F0040A4B0 /* UserEntriesModel.xcdatamodel */;
			path = UserEntriesModel.xcdatamodeld;
			sourceTree = "<group>";
			versionGroupType = wrapper.xcdatamodel;
		};
/* End XCVersionGroup section */
	};
	rootObject = 056083732884147800728F1F /* Project object */;
}
