// !$*UTF8*$!
{
	archiveVersion = 1;
	classes = {
	};
	objectVersion = 56;
	objects = {

/* Begin PBXBuildFile section */
		0560837F2884147800728F1F /* BabyTrackerApp.swift in Sources */ = {isa = PBXBuildFile; fileRef = 0560837E2884147800728F1F /* BabyTrackerApp.swift */; };
		056083812884147800728F1F /* ContentView.swift in Sources */ = {isa = PBXBuildFile; fileRef = 056083802884147800728F1F /* ContentView.swift */; };
		056083832884147900728F1F /* Assets.xcassets in Resources */ = {isa = PBXBuildFile; fileRef = 056083822884147900728F1F /* Assets.xcassets */; };
		056083862884147900728F1F /* Preview Assets.xcassets in Resources */ = {isa = PBXBuildFile; fileRef = 056083852884147900728F1F /* Preview Assets.xcassets */; };
		056083902884147900728F1F /* BabyTrackerTests.swift in Sources */ = {isa = PBXBuildFile; fileRef = 0560838F2884147900728F1F /* BabyTrackerTests.swift */; };
		0560839A2884147900728F1F /* BabyTrackerUITests.swift in Sources */ = {isa = PBXBuildFile; fileRef = 056083992884147900728F1F /* BabyTrackerUITests.swift */; };
		0560839C2884147900728F1F /* BabyTrackerUITestsLaunchTests.swift in Sources */ = {isa = PBXBuildFile; fileRef = 0560839B2884147900728F1F /* BabyTrackerUITestsLaunchTests.swift */; };
/* End PBXBuildFile section */

/* Begin PBXContainerItemProxy section */
		0560838C2884147900728F1F /* PBXContainerItemProxy */ = {
			isa = PBXContainerItemProxy;
			containerPortal = 056083732884147800728F1F /* Project object */;
			proxyType = 1;
			remoteGlobalIDString = 0560837A2884147800728F1F;
			remoteInfo = BabyTracker;
		};
		056083962884147900728F1F /* PBXContainerItemProxy */ = {
			isa = PBXContainerItemProxy;
			containerPortal = 056083732884147800728F1F /* Project object */;
			proxyType = 1;
			remoteGlobalIDString = 0560837A2884147800728F1F;
			remoteInfo = BabyTracker;
		};
/* End PBXContainerItemProxy section */

/* Begin PBXFileReference section */
		0560837B2884147800728F1F /* BabyTracker.app */ = {isa = PBXFileReference; explicitFileType = wrapper.application; includeInIndex = 0; path = BabyTracker.app; sourceTree = BUILT_PRODUCTS_DIR; };
		0560837E2884147800728F1F /* BabyTrackerApp.swift */ = {isa = PBXFileReference; lastKnownFileType = sourcecode.swift; path = BabyTrackerApp.swift; sourceTree = "<group>"; };
		056083802884147800728F1F /* ContentView.swift */ = {isa = PBXFileReference; lastKnownFileType = sourcecode.swift; path = ContentView.swift; sourceTree = "<group>"; };
		056083822884147900728F1F /* Assets.xcassets */ = {isa = PBXFileReference; lastKnownFileType = folder.assetcatalog; path = Assets.xcassets; sourceTree = "<group>"; };
		056083852884147900728F1F /* Preview Assets.xcassets */ = {isa = PBXFileReference; lastKnownFileType = folder.assetcatalog; path = "Preview Assets.xcassets"; sourceTree = "<group>"; };
		0560838B2884147900728F1F /* BabyTrackerTests.xctest */ = {isa = PBXFileReference; explicitFileType = wrapper.cfbundle; includeInIndex = 0; path = BabyTrackerTests.xctest; sourceTree = BUILT_PRODUCTS_DIR; };
		0560838F2884147900728F1F /* BabyTrackerTests.swift */ = {isa = PBXFileReference; lastKnownFileType = sourcecode.swift; path = BabyTrackerTests.swift; sourceTree = "<group>"; };
		056083952884147900728F1F /* BabyTrackerUITests.xctest */ = {isa = PBXFileReference; explicitFileType = wrapper.cfbundle; includeInIndex = 0; path = BabyTrackerUITests.xctest; sourceTree = BUILT_PRODUCTS_DIR; };
		056083992884147900728F1F /* BabyTrackerUITests.swift */ = {isa = PBXFileReference; lastKnownFileType = sourcecode.swift; path = BabyTrackerUITests.swift; sourceTree = "<group>"; };
		0560839B2884147900728F1F /* BabyTrackerUITestsLaunchTests.swift */ = {isa = PBXFileReference; lastKnownFileType = sourcecode.swift; path = BabyTrackerUITestsLaunchTests.swift; sourceTree = "<group>"; };
/* End PBXFileReference section */

/* Begin PBXFrameworksBuildPhase section */
		056083782884147800728F1F /* Frameworks */ = {
			isa = PBXFrameworksBuildPhase;
			buildActionMask = 2147483647;
			files = (
			);
			runOnlyForDeploymentPostprocessing = 0;
		};
		056083882884147900728F1F /* Frameworks */ = {
			isa = PBXFrameworksBuildPhase;
			buildActionMask = 2147483647;
			files = (
			);
			runOnlyForDeploymentPostprocessing = 0;
		};
		056083922884147900728F1F /* Frameworks */ = {
			isa = PBXFrameworksBuildPhase;
			buildActionMask = 2147483647;
			files = (
			);
			runOnlyForDeploymentPostprocessing = 0;
		};
/* End PBXFrameworksBuildPhase section */

/* Begin PBXGroup section */
		056083722884147800728F1F = {
			isa = PBXGroup;
			children = (
				0560837D2884147800728F1F /* BabyTracker */,
				0560838E2884147900728F1F /* BabyTrackerTests */,
				056083982884147900728F1F /* BabyTrackerUITests */,
				0560837C2884147800728F1F /* Products */,
			);
			sourceTree = "<group>";
		};
		0560837C2884147800728F1F /* Products */ = {
			isa = PBXGroup;
			children = (
				0560837B2884147800728F1F /* BabyTracker.app */,
				0560838B2884147900728F1F /* BabyTrackerTests.xctest */,
				056083952884147900728F1F /* BabyTrackerUITests.xctest */,
			);
			name = Products;
			sourceTree = "<group>";
		};
		0560837D2884147800728F1F /* BabyTracker */ = {
			isa = PBXGroup;
			children = (
				0560837E2884147800728F1F /* BabyTrackerApp.swift */,
				056083802884147800728F1F /* ContentView.swift */,
				056083822884147900728F1F /* Assets.xcassets */,
				056083842884147900728F1F /* Preview Content */,
			);
			path = BabyTracker;
			sourceTree = "<group>";
		};
		056083842884147900728F1F /* Preview Content */ = {
			isa = PBXGroup;
			children = (
				056083852884147900728F1F /* Preview Assets.xcassets */,
			);
			path = "Preview Content";
			sourceTree = "<group>";
		};
		0560838E2884147900728F1F /* BabyTrackerTests */ = {
			isa = PBXGroup;
			children = (
				0560838F2884147900728F1F /* BabyTrackerTests.swift */,
			);
			path = BabyTrackerTests;
			sourceTree = "<group>";
		};
		056083982884147900728F1F /* BabyTrackerUITests */ = {
			isa = PBXGroup;
			children = (
				056083992884147900728F1F /* BabyTrackerUITests.swift */,
				0560839B2884147900728F1F /* BabyTrackerUITestsLaunchTests.swift */,
			);
			path = BabyTrackerUITests;
			sourceTree = "<group>";
		};
/* End PBXGroup section */

/* Begin PBXNativeTarget section */
		0560837A2884147800728F1F /* BabyTracker */ = {
			isa = PBXNativeTarget;
			buildConfigurationList = 0560839F2884147900728F1F /* Build configuration list for PBXNativeTarget "BabyTracker" */;
			buildPhases = (
				056083772884147800728F1F /* Sources */,
				056083782884147800728F1F /* Frameworks */,
				056083792884147800728F1F /* Resources */,
			);
			buildRules = (
			);
			dependencies = (
			);
			name = BabyTracker;
			productName = BabyTracker;
			productReference = 0560837B2884147800728F1F /* BabyTracker.app */;
			productType = "com.apple.product-type.application";
		};
		0560838A2884147900728F1F /* BabyTrackerTests */ = {
			isa = PBXNativeTarget;
			buildConfigurationList = 056083A22884147900728F1F /* Build configuration list for PBXNativeTarget "BabyTrackerTests" */;
			buildPhases = (
				056083872884147900728F1F /* Sources */,
				056083882884147900728F1F /* Frameworks */,
				056083892884147900728F1F /* Resources */,
			);
			buildRules = (
			);
			dependencies = (
				0560838D2884147900728F1F /* PBXTargetDependency */,
			);
			name = BabyTrackerTests;
			productName = BabyTrackerTests;
			productReference = 0560838B2884147900728F1F /* BabyTrackerTests.xctest */;
			productType = "com.apple.product-type.bundle.unit-test";
		};
		056083942884147900728F1F /* BabyTrackerUITests */ = {
			isa = PBXNativeTarget;
			buildConfigurationList = 056083A52884147900728F1F /* Build configuration list for PBXNativeTarget "BabyTrackerUITests" */;
			buildPhases = (
				056083912884147900728F1F /* Sources */,
				056083922884147900728F1F /* Frameworks */,
				056083932884147900728F1F /* Resources */,
			);
			buildRules = (
			);
			dependencies = (
				056083972884147900728F1F /* PBXTargetDependency */,
			);
			name = BabyTrackerUITests;
			productName = BabyTrackerUITests;
			productReference = 056083952884147900728F1F /* BabyTrackerUITests.xctest */;
			productType = "com.apple.product-type.bundle.ui-testing";
		};
/* End PBXNativeTarget section */

/* Begin PBXProject section */
		056083732884147800728F1F /* Project object */ = {
			isa = PBXProject;
			attributes = {
				BuildIndependentTargetsInParallel = 1;
				LastSwiftUpdateCheck = 1400;
				LastUpgradeCheck = 1400;
				TargetAttributes = {
					0560837A2884147800728F1F = {
						CreatedOnToolsVersion = 14.0;
					};
					0560838A2884147900728F1F = {
						CreatedOnToolsVersion = 14.0;
						TestTargetID = 0560837A2884147800728F1F;
					};
					056083942884147900728F1F = {
						CreatedOnToolsVersion = 14.0;
						TestTargetID = 0560837A2884147800728F1F;
					};
				};
			};
			buildConfigurationList = 056083762884147800728F1F /* Build configuration list for PBXProject "BabyTracker" */;
			compatibilityVersion = "Xcode 14.0";
			developmentRegion = en;
			hasScannedForEncodings = 0;
			knownRegions = (
				en,
				Base,
			);
			mainGroup = 056083722884147800728F1F;
			productRefGroup = 0560837C2884147800728F1F /* Products */;
			projectDirPath = "";
			projectRoot = "";
			targets = (
				0560837A2884147800728F1F /* BabyTracker */,
				0560838A2884147900728F1F /* BabyTrackerTests */,
				056083942884147900728F1F /* BabyTrackerUITests */,
			);
		};
/* End PBXProject section */

/* Begin PBXResourcesBuildPhase section */
		056083792884147800728F1F /* Resources */ = {
			isa = PBXResourcesBuildPhase;
			buildActionMask = 2147483647;
			files = (
				056083862884147900728F1F /* Preview Assets.xcassets in Resources */,
				056083832884147900728F1F /* Assets.xcassets in Resources */,
			);
			runOnlyForDeploymentPostprocessing = 0;
		};
		056083892884147900728F1F /* Resources */ = {
			isa = PBXResourcesBuildPhase;
			buildActionMask = 2147483647;
			files = (
			);
			runOnlyForDeploymentPostprocessing = 0;
		};
		056083932884147900728F1F /* Resources */ = {
			isa = PBXResourcesBuildPhase;
			buildActionMask = 2147483647;
			files = (
			);
			runOnlyForDeploymentPostprocessing = 0;
		};
/* End PBXResourcesBuildPhase section */

/* Begin PBXSourcesBuildPhase section */
		056083772884147800728F1F /* Sources */ = {
			isa = PBXSourcesBuildPhase;
			buildActionMask = 2147483647;
			files = (
				056083812884147800728F1F /* ContentView.swift in Sources */,
				0560837F2884147800728F1F /* BabyTrackerApp.swift in Sources */,
			);
			runOnlyForDeploymentPostprocessing = 0;
		};
		056083872884147900728F1F /* Sources */ = {
			isa = PBXSourcesBuildPhase;
			buildActionMask = 2147483647;
			files = (
				056083902884147900728F1F /* BabyTrackerTests.swift in Sources */,
			);
			runOnlyForDeploymentPostprocessing = 0;
		};
		056083912884147900728F1F /* Sources */ = {
			isa = PBXSourcesBuildPhase;
			buildActionMask = 2147483647;
			files = (
				0560839A2884147900728F1F /* BabyTrackerUITests.swift in Sources */,
				0560839C2884147900728F1F /* BabyTrackerUITestsLaunchTests.swift in Sources */,
			);
			runOnlyForDeploymentPostprocessing = 0;
		};
/* End PBXSourcesBuildPhase section */

/* Begin PBXTargetDependency section */
		0560838D2884147900728F1F /* PBXTargetDependency */ = {
			isa = PBXTargetDependency;
			target = 0560837A2884147800728F1F /* BabyTracker */;
			targetProxy = 0560838C2884147900728F1F /* PBXContainerItemProxy */;
		};
		056083972884147900728F1F /* PBXTargetDependency */ = {
			isa = PBXTargetDependency;
			target = 0560837A2884147800728F1F /* BabyTracker */;
			targetProxy = 056083962884147900728F1F /* PBXContainerItemProxy */;
		};
/* End PBXTargetDependency section */

/* Begin XCBuildConfiguration section */
		0560839D2884147900728F1F /* Debug */ = {
			isa = XCBuildConfiguration;
			buildSettings = {
				ALWAYS_SEARCH_USER_PATHS = NO;
				CLANG_ANALYZER_NONNULL = YES;
				CLANG_ANALYZER_NUMBER_OBJECT_CONVERSION = YES_AGGRESSIVE;
				CLANG_CXX_LANGUAGE_STANDARD = "gnu++20";
				CLANG_ENABLE_MODULES = YES;
				CLANG_ENABLE_OBJC_ARC = YES;
				CLANG_ENABLE_OBJC_WEAK = YES;
				CLANG_WARN_BLOCK_CAPTURE_AUTORELEASING = YES;
				CLANG_WARN_BOOL_CONVERSION = YES;
				CLANG_WARN_COMMA = YES;
				CLANG_WARN_CONSTANT_CONVERSION = YES;
				CLANG_WARN_DEPRECATED_OBJC_IMPLEMENTATIONS = YES;
				CLANG_WARN_DIRECT_OBJC_ISA_USAGE = YES_ERROR;
				CLANG_WARN_DOCUMENTATION_COMMENTS = YES;
				CLANG_WARN_EMPTY_BODY = YES;
				CLANG_WARN_ENUM_CONVERSION = YES;
				CLANG_WARN_INFINITE_RECURSION = YES;
				CLANG_WARN_INT_CONVERSION = YES;
				CLANG_WARN_NON_LITERAL_NULL_CONVERSION = YES;
				CLANG_WARN_OBJC_IMPLICIT_RETAIN_SELF = YES;
				CLANG_WARN_OBJC_LITERAL_CONVERSION = YES;
				CLANG_WARN_OBJC_ROOT_CLASS = YES_ERROR;
				CLANG_WARN_QUOTED_INCLUDE_IN_FRAMEWORK_HEADER = YES;
				CLANG_WARN_RANGE_LOOP_ANALYSIS = YES;
				CLANG_WARN_STRICT_PROTOTYPES = YES;
				CLANG_WARN_SUSPICIOUS_MOVE = YES;
				CLANG_WARN_UNGUARDED_AVAILABILITY = YES_AGGRESSIVE;
				CLANG_WARN_UNREACHABLE_CODE = YES;
				CLANG_WARN__DUPLICATE_METHOD_MATCH = YES;
				COPY_PHASE_STRIP = NO;
				DEBUG_INFORMATION_FORMAT = dwarf;
				ENABLE_STRICT_OBJC_MSGSEND = YES;
				ENABLE_TESTABILITY = YES;
				GCC_C_LANGUAGE_STANDARD = gnu11;
				GCC_DYNAMIC_NO_PIC = NO;
				GCC_NO_COMMON_BLOCKS = YES;
				GCC_OPTIMIZATION_LEVEL = 0;
				GCC_PREPROCESSOR_DEFINITIONS = (
					"DEBUG=1",
					"$(inherited)",
				);
				GCC_WARN_64_TO_32_BIT_CONVERSION = YES;
				GCC_WARN_ABOUT_RETURN_TYPE = YES_ERROR;
				GCC_WARN_UNDECLARED_SELECTOR = YES;
				GCC_WARN_UNINITIALIZED_AUTOS = YES_AGGRESSIVE;
				GCC_WARN_UNUSED_FUNCTION = YES;
				GCC_WARN_UNUSED_VARIABLE = YES;
				IPHONEOS_DEPLOYMENT_TARGET = 16.0;
				MTL_ENABLE_DEBUG_INFO = INCLUDE_SOURCE;
				MTL_FAST_MATH = YES;
				ONLY_ACTIVE_ARCH = YES;
				SDKROOT = iphoneos;
				SWIFT_ACTIVE_COMPILATION_CONDITIONS = DEBUG;
				SWIFT_OPTIMIZATION_LEVEL = "-Onone";
			};
			name = Debug;
		};
		0560839E2884147900728F1F /* Release */ = {
			isa = XCBuildConfiguration;
			buildSettings = {
				ALWAYS_SEARCH_USER_PATHS = NO;
				CLANG_ANALYZER_NONNULL = YES;
				CLANG_ANALYZER_NUMBER_OBJECT_CONVERSION = YES_AGGRESSIVE;
				CLANG_CXX_LANGUAGE_STANDARD = "gnu++20";
				CLANG_ENABLE_MODULES = YES;
				CLANG_ENABLE_OBJC_ARC = YES;
				CLANG_ENABLE_OBJC_WEAK = YES;
				CLANG_WARN_BLOCK_CAPTURE_AUTORELEASING = YES;
				CLANG_WARN_BOOL_CONVERSION = YES;
				CLANG_WARN_COMMA = YES;
				CLANG_WARN_CONSTANT_CONVERSION = YES;
				CLANG_WARN_DEPRECATED_OBJC_IMPLEMENTATIONS = YES;
				CLANG_WARN_DIRECT_OBJC_ISA_USAGE = YES_ERROR;
				CLANG_WARN_DOCUMENTATION_COMMENTS = YES;
				CLANG_WARN_EMPTY_BODY = YES;
				CLANG_WARN_ENUM_CONVERSION = YES;
				CLANG_WARN_INFINITE_RECURSION = YES;
				CLANG_WARN_INT_CONVERSION = YES;
				CLANG_WARN_NON_LITERAL_NULL_CONVERSION = YES;
				CLANG_WARN_OBJC_IMPLICIT_RETAIN_SELF = YES;
				CLANG_WARN_OBJC_LITERAL_CONVERSION = YES;
				CLANG_WARN_OBJC_ROOT_CLASS = YES_ERROR;
				CLANG_WARN_QUOTED_INCLUDE_IN_FRAMEWORK_HEADER = YES;
				CLANG_WARN_RANGE_LOOP_ANALYSIS = YES;
				CLANG_WARN_STRICT_PROTOTYPES = YES;
				CLANG_WARN_SUSPICIOUS_MOVE = YES;
				CLANG_WARN_UNGUARDED_AVAILABILITY = YES_AGGRESSIVE;
				CLANG_WARN_UNREACHABLE_CODE = YES;
				CLANG_WARN__DUPLICATE_METHOD_MATCH = YES;
				COPY_PHASE_STRIP = NO;
				DEBUG_INFORMATION_FORMAT = "dwarf-with-dsym";
				ENABLE_NS_ASSERTIONS = NO;
				ENABLE_STRICT_OBJC_MSGSEND = YES;
				GCC_C_LANGUAGE_STANDARD = gnu11;
				GCC_NO_COMMON_BLOCKS = YES;
				GCC_WARN_64_TO_32_BIT_CONVERSION = YES;
				GCC_WARN_ABOUT_RETURN_TYPE = YES_ERROR;
				GCC_WARN_UNDECLARED_SELECTOR = YES;
				GCC_WARN_UNINITIALIZED_AUTOS = YES_AGGRESSIVE;
				GCC_WARN_UNUSED_FUNCTION = YES;
				GCC_WARN_UNUSED_VARIABLE = YES;
				IPHONEOS_DEPLOYMENT_TARGET = 16.0;
				MTL_ENABLE_DEBUG_INFO = NO;
				MTL_FAST_MATH = YES;
				SDKROOT = iphoneos;
				SWIFT_COMPILATION_MODE = wholemodule;
				SWIFT_OPTIMIZATION_LEVEL = "-O";
				VALIDATE_PRODUCT = YES;
			};
			name = Release;
		};
		056083A02884147900728F1F /* Debug */ = {
			isa = XCBuildConfiguration;
			buildSettings = {
				ASSETCATALOG_COMPILER_APPICON_NAME = AppIcon;
				ASSETCATALOG_COMPILER_GLOBAL_ACCENT_COLOR_NAME = AccentColor;
				CODE_SIGN_STYLE = Automatic;
				CURRENT_PROJECT_VERSION = 1;
				DEVELOPMENT_ASSET_PATHS = "\"BabyTracker/Preview Content\"";
				DEVELOPMENT_TEAM = DN9UYF2744;
				ENABLE_PREVIEWS = YES;
				GENERATE_INFOPLIST_FILE = YES;
				INFOPLIST_KEY_UIApplicationSceneManifest_Generation = YES;
				INFOPLIST_KEY_UIApplicationSupportsIndirectInputEvents = YES;
				INFOPLIST_KEY_UILaunchScreen_Generation = YES;
				INFOPLIST_KEY_UISupportedInterfaceOrientations_iPad = "UIInterfaceOrientationPortrait UIInterfaceOrientationPortraitUpsideDown UIInterfaceOrientationLandscapeLeft UIInterfaceOrientationLandscapeRight";
				INFOPLIST_KEY_UISupportedInterfaceOrientations_iPhone = "UIInterfaceOrientationPortrait UIInterfaceOrientationLandscapeLeft UIInterfaceOrientationLandscapeRight";
				LD_RUNPATH_SEARCH_PATHS = (
					"$(inherited)",
					"@executable_path/Frameworks",
				);
				MARKETING_VERSION = 1.0;
				PRODUCT_BUNDLE_IDENTIFIER = NoamEfergan.BabyTracker;
				PRODUCT_NAME = "$(TARGET_NAME)";
				SWIFT_EMIT_LOC_STRINGS = YES;
				SWIFT_VERSION = 5.0;
				TARGETED_DEVICE_FAMILY = "1,2";
			};
			name = Debug;
		};
		056083A12884147900728F1F /* Release */ = {
			isa = XCBuildConfiguration;
			buildSettings = {
				ASSETCATALOG_COMPILER_APPICON_NAME = AppIcon;
				ASSETCATALOG_COMPILER_GLOBAL_ACCENT_COLOR_NAME = AccentColor;
				CODE_SIGN_STYLE = Automatic;
				CURRENT_PROJECT_VERSION = 1;
				DEVELOPMENT_ASSET_PATHS = "\"BabyTracker/Preview Content\"";
				DEVELOPMENT_TEAM = DN9UYF2744;
				ENABLE_PREVIEWS = YES;
				GENERATE_INFOPLIST_FILE = YES;
				INFOPLIST_KEY_UIApplicationSceneManifest_Generation = YES;
				INFOPLIST_KEY_UIApplicationSupportsIndirectInputEvents = YES;
				INFOPLIST_KEY_UILaunchScreen_Generation = YES;
				INFOPLIST_KEY_UISupportedInterfaceOrientations_iPad = "UIInterfaceOrientationPortrait UIInterfaceOrientationPortraitUpsideDown UIInterfaceOrientationLandscapeLeft UIInterfaceOrientationLandscapeRight";
				INFOPLIST_KEY_UISupportedInterfaceOrientations_iPhone = "UIInterfaceOrientationPortrait UIInterfaceOrientationLandscapeLeft UIInterfaceOrientationLandscapeRight";
				LD_RUNPATH_SEARCH_PATHS = (
					"$(inherited)",
					"@executable_path/Frameworks",
				);
				MARKETING_VERSION = 1.0;
				PRODUCT_BUNDLE_IDENTIFIER = NoamEfergan.BabyTracker;
				PRODUCT_NAME = "$(TARGET_NAME)";
				SWIFT_EMIT_LOC_STRINGS = YES;
				SWIFT_VERSION = 5.0;
				TARGETED_DEVICE_FAMILY = "1,2";
			};
			name = Release;
		};
		056083A32884147900728F1F /* Debug */ = {
			isa = XCBuildConfiguration;
			buildSettings = {
				ALWAYS_EMBED_SWIFT_STANDARD_LIBRARIES = YES;
				BUNDLE_LOADER = "$(TEST_HOST)";
				CODE_SIGN_STYLE = Automatic;
				CURRENT_PROJECT_VERSION = 1;
				DEVELOPMENT_TEAM = DN9UYF2744;
				GENERATE_INFOPLIST_FILE = YES;
				IPHONEOS_DEPLOYMENT_TARGET = 16.0;
				MARKETING_VERSION = 1.0;
				PRODUCT_BUNDLE_IDENTIFIER = NoamEfergan.BabyTrackerTests;
				PRODUCT_NAME = "$(TARGET_NAME)";
				SWIFT_EMIT_LOC_STRINGS = NO;
				SWIFT_VERSION = 5.0;
				TARGETED_DEVICE_FAMILY = "1,2";
				TEST_HOST = "$(BUILT_PRODUCTS_DIR)/BabyTracker.app/$(BUNDLE_EXECUTABLE_FOLDER_PATH)/BabyTracker";
			};
			name = Debug;
		};
		056083A42884147900728F1F /* Release */ = {
			isa = XCBuildConfiguration;
			buildSettings = {
				ALWAYS_EMBED_SWIFT_STANDARD_LIBRARIES = YES;
				BUNDLE_LOADER = "$(TEST_HOST)";
				CODE_SIGN_STYLE = Automatic;
				CURRENT_PROJECT_VERSION = 1;
				DEVELOPMENT_TEAM = DN9UYF2744;
				GENERATE_INFOPLIST_FILE = YES;
				IPHONEOS_DEPLOYMENT_TARGET = 16.0;
				MARKETING_VERSION = 1.0;
				PRODUCT_BUNDLE_IDENTIFIER = NoamEfergan.BabyTrackerTests;
				PRODUCT_NAME = "$(TARGET_NAME)";
				SWIFT_EMIT_LOC_STRINGS = NO;
				SWIFT_VERSION = 5.0;
				TARGETED_DEVICE_FAMILY = "1,2";
				TEST_HOST = "$(BUILT_PRODUCTS_DIR)/BabyTracker.app/$(BUNDLE_EXECUTABLE_FOLDER_PATH)/BabyTracker";
			};
			name = Release;
		};
		056083A62884147900728F1F /* Debug */ = {
			isa = XCBuildConfiguration;
			buildSettings = {
				ALWAYS_EMBED_SWIFT_STANDARD_LIBRARIES = YES;
				CODE_SIGN_STYLE = Automatic;
				CURRENT_PROJECT_VERSION = 1;
				DEVELOPMENT_TEAM = DN9UYF2744;
				GENERATE_INFOPLIST_FILE = YES;
				MARKETING_VERSION = 1.0;
				PRODUCT_BUNDLE_IDENTIFIER = NoamEfergan.BabyTrackerUITests;
				PRODUCT_NAME = "$(TARGET_NAME)";
				SWIFT_EMIT_LOC_STRINGS = NO;
				SWIFT_VERSION = 5.0;
				TARGETED_DEVICE_FAMILY = "1,2";
				TEST_TARGET_NAME = BabyTracker;
			};
			name = Debug;
		};
		056083A72884147900728F1F /* Release */ = {
			isa = XCBuildConfiguration;
			buildSettings = {
				ALWAYS_EMBED_SWIFT_STANDARD_LIBRARIES = YES;
				CODE_SIGN_STYLE = Automatic;
				CURRENT_PROJECT_VERSION = 1;
				DEVELOPMENT_TEAM = DN9UYF2744;
				GENERATE_INFOPLIST_FILE = YES;
				MARKETING_VERSION = 1.0;
				PRODUCT_BUNDLE_IDENTIFIER = NoamEfergan.BabyTrackerUITests;
				PRODUCT_NAME = "$(TARGET_NAME)";
				SWIFT_EMIT_LOC_STRINGS = NO;
				SWIFT_VERSION = 5.0;
				TARGETED_DEVICE_FAMILY = "1,2";
				TEST_TARGET_NAME = BabyTracker;
			};
			name = Release;
		};
/* End XCBuildConfiguration section */

/* Begin XCConfigurationList section */
		056083762884147800728F1F /* Build configuration list for PBXProject "BabyTracker" */ = {
			isa = XCConfigurationList;
			buildConfigurations = (
				0560839D2884147900728F1F /* Debug */,
				0560839E2884147900728F1F /* Release */,
			);
			defaultConfigurationIsVisible = 0;
			defaultConfigurationName = Release;
		};
		0560839F2884147900728F1F /* Build configuration list for PBXNativeTarget "BabyTracker" */ = {
			isa = XCConfigurationList;
			buildConfigurations = (
				056083A02884147900728F1F /* Debug */,
				056083A12884147900728F1F /* Release */,
			);
			defaultConfigurationIsVisible = 0;
			defaultConfigurationName = Release;
		};
		056083A22884147900728F1F /* Build configuration list for PBXNativeTarget "BabyTrackerTests" */ = {
			isa = XCConfigurationList;
			buildConfigurations = (
				056083A32884147900728F1F /* Debug */,
				056083A42884147900728F1F /* Release */,
			);
			defaultConfigurationIsVisible = 0;
			defaultConfigurationName = Release;
		};
		056083A52884147900728F1F /* Build configuration list for PBXNativeTarget "BabyTrackerUITests" */ = {
			isa = XCConfigurationList;
			buildConfigurations = (
				056083A62884147900728F1F /* Debug */,
				056083A72884147900728F1F /* Release */,
			);
			defaultConfigurationIsVisible = 0;
			defaultConfigurationName = Release;
		};
/* End XCConfigurationList section */
	};
	rootObject = 056083732884147800728F1F /* Project object */;
}
